
Microsoft Visual Studio Solution File, Format Version 12.00
# Visual Studio Version 16
VisualStudioVersion = 16.0.28711.60
MinimumVisualStudioVersion = 10.0.40219.1
Project("{2150E333-8FDC-42A3-9474-1A3956D46DE8}") = "Samples", "Samples", "{A605A1E7-7065-4ED1-87D8-3C6159F33A0A}"
EndProject
Project("{2150E333-8FDC-42A3-9474-1A3956D46DE8}") = "Api", "Api", "{9FFC5940-3B43-4CED-9A4E-E573EEDF77AC}"
EndProject
Project("{9A19103F-16F7-4668-BE54-9A1E7A4F7556}") = "DataContract", "samples\Api\DataContract\DataContract.csproj", "{8F29692A-21C3-4EA8-9941-2B72819C2454}"
EndProject
Project("{9A19103F-16F7-4668-BE54-9A1E7A4F7556}") = "Service", "samples\Api\Service\Service.csproj", "{4B421BDB-64C0-46E6-A065-B656BBBF66ED}"
EndProject
Project("{2150E333-8FDC-42A3-9474-1A3956D46DE8}") = "LoadBalance", "LoadBalance", "{91B0F9FC-B92D-4D83-9144-E81B4DACA12F}"
EndProject
Project("{9A19103F-16F7-4668-BE54-9A1E7A4F7556}") = "Client", "samples\Api\Client\Client.csproj", "{5D13B508-137C-416D-825D-F4156F1502CB}"
EndProject
Project("{2150E333-8FDC-42A3-9474-1A3956D46DE8}") = "HelloWorld", "HelloWorld", "{CF383077-EC0F-402C-82E8-F3811ABCBFDF}"
EndProject
Project("{9A19103F-16F7-4668-BE54-9A1E7A4F7556}") = "Client", "samples\HelloWorld\Client\Client.csproj", "{86EF4243-8453-403C-8BAD-258B1D720347}"
EndProject
Project("{9A19103F-16F7-4668-BE54-9A1E7A4F7556}") = "DataContract", "samples\HelloWorld\DataContract\DataContract.csproj", "{28C54AC5-B86C-4B25-9F1F-AE92F165A65B}"
EndProject
Project("{9A19103F-16F7-4668-BE54-9A1E7A4F7556}") = "Service", "samples\HelloWorld\Service\Service.csproj", "{CD6DA4B8-A8A0-4ACE-99BD-0677B1282899}"
EndProject
Project("{9A19103F-16F7-4668-BE54-9A1E7A4F7556}") = "Client", "samples\LoadBalance\Client\Client.csproj", "{0A048B0F-BEEF-4A4D-8353-A66F7401CCED}"
EndProject
Project("{9A19103F-16F7-4668-BE54-9A1E7A4F7556}") = "DataContract", "samples\LoadBalance\DataContract\DataContract.csproj", "{F315E768-0269-4FC0-8587-5CA6B3415D94}"
EndProject
Project("{9A19103F-16F7-4668-BE54-9A1E7A4F7556}") = "Service", "samples\LoadBalance\Service\Service.csproj", "{6E27F9AB-1681-40A9-B5ED-B7666E187A93}"
EndProject
Project("{9A19103F-16F7-4668-BE54-9A1E7A4F7556}") = "NetRpc", "src\NetRpc\NetRpc.csproj", "{EB14D333-2D84-4532-8C9D-7F1108EE10E3}"
EndProject
Project("{9A19103F-16F7-4668-BE54-9A1E7A4F7556}") = "NetRpc.Grpc", "src\NetRpc.Grpc\NetRpc.Grpc.csproj", "{3ACDA2DB-1A8A-468B-97FD-9DC688C1776A}"
EndProject
Project("{9A19103F-16F7-4668-BE54-9A1E7A4F7556}") = "Proxy.Grpc", "src\Proxy.Grpc\Proxy.Grpc.csproj", "{F98F0294-0A54-4763-990B-47CFF64217F4}"
EndProject
Project("{9A19103F-16F7-4668-BE54-9A1E7A4F7556}") = "TestHelper", "samples\TestHelper\TestHelper.csproj", "{6D1077F6-FFA4-49BA-9A2C-03F5BD27074A}"
EndProject
Project("{9A19103F-16F7-4668-BE54-9A1E7A4F7556}") = "Proxy.RabbitMQ", "src\Proxy.RabbitMQ\Proxy.RabbitMQ.csproj", "{38007627-7363-4140-B294-9AAB1642FDE7}"
EndProject
Project("{9A19103F-16F7-4668-BE54-9A1E7A4F7556}") = "NetRpc.RabbitMQ", "src\NetRpc.RabbitMQ\NetRpc.RabbitMQ.csproj", "{2660B217-3A30-4212-B65F-15C0B0432D3C}"
EndProject
Project("{2150E333-8FDC-42A3-9474-1A3956D46DE8}") = "Solution Items", "Solution Items", "{59EDEAE2-8FD5-4757-865A-B1411B8AE1EB}"
	ProjectSection(SolutionItems) = preProject
		src\Directory.Build.props = src\Directory.Build.props
		QuickRef.md = QuickRef.md
		README.md = README.md
	EndProjectSection
EndProject
Project("{9A19103F-16F7-4668-BE54-9A1E7A4F7556}") = "NetRpc.Http", "src\NetRpc.Http\NetRpc.Http.csproj", "{B393A010-30E7-414C-B291-44D7543ADB49}"
EndProject
Project("{2150E333-8FDC-42A3-9474-1A3956D46DE8}") = "Http", "Http", "{94C61A6A-26CF-4C4A-9A09-E304CB3B0265}"
EndProject
Project("{9A19103F-16F7-4668-BE54-9A1E7A4F7556}") = "NetRpc.Contract", "src\NetRpc.Contract\NetRpc.Contract.csproj", "{4396893D-01AC-4D8C-BD10-FF396ABADD3B}"
EndProject
Project("{2150E333-8FDC-42A3-9474-1A3956D46DE8}") = "CallbackThrottling", "CallbackThrottling", "{AD83FF43-B38A-4D1C-BA19-CE27722CB639}"
EndProject
Project("{9A19103F-16F7-4668-BE54-9A1E7A4F7556}") = "Service", "samples\CallbackThrottling\Service\Service.csproj", "{6C8979A2-6684-40A1-9B76-405063DADE7A}"
EndProject
Project("{9A19103F-16F7-4668-BE54-9A1E7A4F7556}") = "Client", "samples\CallbackThrottling\Client\Client.csproj", "{3084439D-B103-41CD-A0F2-67C5204C8C61}"
EndProject
Project("{9A19103F-16F7-4668-BE54-9A1E7A4F7556}") = "DataContract", "samples\CallbackThrottling\DataContract\DataContract.csproj", "{3F2D98F8-B8E8-4B7B-815A-F5E2AE2193D0}"
EndProject
Project("{9A19103F-16F7-4668-BE54-9A1E7A4F7556}") = "NetRpc.Http.Client", "src\NetRpc.Http.Client\NetRpc.Http.Client.csproj", "{D7096ACA-72DD-41A7-AB34-9D465DBD4333}"
EndProject
Project("{9A19103F-16F7-4668-BE54-9A1E7A4F7556}") = "Client", "samples\Http\Client\Client.csproj", "{4E73C668-9E0F-49D2-8E03-445F42D401DB}"
EndProject
Project("{2150E333-8FDC-42A3-9474-1A3956D46DE8}") = "Gateway", "Gateway", "{0BE29993-D472-4F6A-80FD-F5121827E4F4}"
EndProject
Project("{9A19103F-16F7-4668-BE54-9A1E7A4F7556}") = "Client", "samples\Gateway\Client\Client.csproj", "{32C5898A-896A-4C4D-A043-6D8956DCB18E}"
EndProject
Project("{9A19103F-16F7-4668-BE54-9A1E7A4F7556}") = "DataContract", "samples\Gateway\DataContract\DataContract.csproj", "{2BDDF0FB-B445-4951-AE1D-7F6767E9B887}"
EndProject
Project("{9A19103F-16F7-4668-BE54-9A1E7A4F7556}") = "GatewayService", "samples\Gateway\GatewayService\GatewayService.csproj", "{62B0ED6D-62A4-4B5A-B49B-0B2BCBA058AE}"
EndProject
Project("{9A19103F-16F7-4668-BE54-9A1E7A4F7556}") = "GrpcService", "samples\Gateway\GrpcService\GrpcService.csproj", "{F2EB985E-E1C1-48F5-9592-C2557A5FE8DC}"
EndProject
Project("{9A19103F-16F7-4668-BE54-9A1E7A4F7556}") = "NetRpc.OpenTracing", "src\NetRpc.OpenTracing\NetRpc.OpenTracing.csproj", "{F6B5C7D5-0422-4691-A175-3D4E8887DAB2}"
EndProject
Project("{2150E333-8FDC-42A3-9474-1A3956D46DE8}") = "OpenTracing", "OpenTracing", "{81C43353-0C28-4460-82FD-488E2A720BEE}"
EndProject
Project("{9A19103F-16F7-4668-BE54-9A1E7A4F7556}") = "Client", "samples\OpenTracing\Client\Client.csproj", "{E4A184DF-13D9-4466-9AC6-7E1C6539C484}"
EndProject
Project("{9A19103F-16F7-4668-BE54-9A1E7A4F7556}") = "DataContract", "samples\OpenTracing\DataContract\DataContract.csproj", "{4BBA3C62-9382-48BB-9352-0F7492AC47C8}"
EndProject
Project("{9A19103F-16F7-4668-BE54-9A1E7A4F7556}") = "Service", "samples\OpenTracing\Service\Service.csproj", "{517349BB-BC6D-4661-A08A-17C12F51548F}"
EndProject
Project("{2150E333-8FDC-42A3-9474-1A3956D46DE8}") = "InitializeByDIFactory", "InitializeByDIFactory", "{4B1221BC-8AC7-45F1-A967-79E2E676FCA2}"
EndProject
Project("{9A19103F-16F7-4668-BE54-9A1E7A4F7556}") = "Service", "samples\InitializeByDIFactory\Service\Service.csproj", "{F62F7AB5-D4A2-4387-BD73-3B09DF25D99A}"
EndProject
Project("{9A19103F-16F7-4668-BE54-9A1E7A4F7556}") = "Client", "samples\InitializeByDIFactory\Client\Client.csproj", "{4C8A7CC2-7199-4421-B8E1-87E7966F0E01}"
EndProject
Project("{9A19103F-16F7-4668-BE54-9A1E7A4F7556}") = "DataContract", "samples\InitializeByDIFactory\DataContract\DataContract.csproj", "{136B34C3-07D2-497A-8D6B-11C3E595755D}"
EndProject
Project("{9A19103F-16F7-4668-BE54-9A1E7A4F7556}") = "Service_1", "samples\OpenTracing\Service_1\Service_1.csproj", "{510E6C14-2460-4D96-85F3-D2BF9E85DA8F}"
EndProject
Project("{9A19103F-16F7-4668-BE54-9A1E7A4F7556}") = "Service_1_1", "samples\OpenTracing\Service_1_1\Service_1_1.csproj", "{0D0BAE6B-58CE-4238-BCB7-0396C8740385}"
EndProject
Project("{9A19103F-16F7-4668-BE54-9A1E7A4F7556}") = "Service_2", "samples\OpenTracing\Service_2\Service_2.csproj", "{F4AE31E4-520F-4EEA-8C81-9C5F5110FF09}"
EndProject
Project("{9A19103F-16F7-4668-BE54-9A1E7A4F7556}") = "NetRpc.Jaeger", "src\NetRpc.Jaeger\NetRpc.Jaeger.csproj", "{F7E69302-31D1-41EC-A248-170B7A7F3A07}"
EndProject
Project("{2150E333-8FDC-42A3-9474-1A3956D46DE8}") = "Rout", "Rout", "{3959EE3B-2F0E-4A52-9B38-25E67F3A76AA}"
EndProject
Project("{9A19103F-16F7-4668-BE54-9A1E7A4F7556}") = "Service1", "samples\Rout\Service1\Service1.csproj", "{765A87BD-DE02-4C85-9B2F-AEAC19156D71}"
EndProject
Project("{9A19103F-16F7-4668-BE54-9A1E7A4F7556}") = "DataContract1", "samples\Rout\DataContract1\DataContract1.csproj", "{9CF1F9B8-5215-4DDA-B66F-BB1D28E511CA}"
EndProject
Project("{9A19103F-16F7-4668-BE54-9A1E7A4F7556}") = "DataContract", "samples\Rout\DataContract\DataContract.csproj", "{7293C1A3-6BEA-4DBD-A405-4F88F4AA2E1F}"
EndProject
Project("{9A19103F-16F7-4668-BE54-9A1E7A4F7556}") = "Client", "samples\Rout\Client\Client.csproj", "{35445A11-F1DA-4EEB-BF2E-1028955D8574}"
EndProject
Project("{9A19103F-16F7-4668-BE54-9A1E7A4F7556}") = "Service", "samples\Rout\Service\Service.csproj", "{E75E5E97-D963-4C73-BDA9-06901FA6FDFE}"
EndProject
Project("{9A19103F-16F7-4668-BE54-9A1E7A4F7556}") = "Service", "samples\Http\Service\Service.csproj", "{8CB6EFED-1B69-42B9-9E8C-778F90EBFA3E}"
EndProject
Project("{9A19103F-16F7-4668-BE54-9A1E7A4F7556}") = "DataContract", "samples\Http\DataContract\DataContract.csproj", "{2B88A97B-B4A3-45A2-BE87-684799A00B8B}"
EndProject
Project("{2150E333-8FDC-42A3-9474-1A3956D46DE8}") = "Reconnect", "Reconnect", "{A75D9C6C-0365-4F80-95AB-36B957E6A05B}"
EndProject
Project("{9A19103F-16F7-4668-BE54-9A1E7A4F7556}") = "DataContract", "samples\Reconnect\DataContract\DataContract.csproj", "{4BD93613-005A-44C5-88C0-C196CD8F160C}"
EndProject
Project("{9A19103F-16F7-4668-BE54-9A1E7A4F7556}") = "Service", "samples\Reconnect\Service\Service.csproj", "{29EBAEAE-5116-4078-8122-0F05D51C0A33}"
EndProject
Project("{9A19103F-16F7-4668-BE54-9A1E7A4F7556}") = "Client", "samples\Reconnect\Client\Client.csproj", "{ADA3EC0E-468E-4CDB-96ED-4E6434A9A1AC}"
EndProject
Project("{9A19103F-16F7-4668-BE54-9A1E7A4F7556}") = "NetRpc.MiniProfiler", "src\NetRpc.MiniProfiler\NetRpc.MiniProfiler.csproj", "{26D2F81A-1B94-470E-B122-19067E976FD1}"
EndProject
Project("{2150E333-8FDC-42A3-9474-1A3956D46DE8}") = "Retry", "Retry", "{11C82226-5F24-4849-AC28-F2FA5620CBD9}"
EndProject
Project("{9A19103F-16F7-4668-BE54-9A1E7A4F7556}") = "DataContract", "samples\Rerty\DataContract\DataContract.csproj", "{93BE120D-88B9-418E-9971-DDC1E8CB560F}"
EndProject
Project("{9A19103F-16F7-4668-BE54-9A1E7A4F7556}") = "Service", "samples\Rerty\Service\Service.csproj", "{EB29DA5C-985B-415F-A54F-D46186AC3A48}"
EndProject
Project("{9A19103F-16F7-4668-BE54-9A1E7A4F7556}") = "Client", "samples\Rerty\Client\Client.csproj", "{C15D7906-CD0C-4C95-B338-ED9454BACA25}"
EndProject
Global
	GlobalSection(SolutionConfigurationPlatforms) = preSolution
		Debug|Any CPU = Debug|Any CPU
		Release|Any CPU = Release|Any CPU
	EndGlobalSection
	GlobalSection(ProjectConfigurationPlatforms) = postSolution
		{8F29692A-21C3-4EA8-9941-2B72819C2454}.Debug|Any CPU.ActiveCfg = Debug|Any CPU
		{8F29692A-21C3-4EA8-9941-2B72819C2454}.Debug|Any CPU.Build.0 = Debug|Any CPU
		{8F29692A-21C3-4EA8-9941-2B72819C2454}.Release|Any CPU.ActiveCfg = Release|Any CPU
		{8F29692A-21C3-4EA8-9941-2B72819C2454}.Release|Any CPU.Build.0 = Release|Any CPU
		{4B421BDB-64C0-46E6-A065-B656BBBF66ED}.Debug|Any CPU.ActiveCfg = Debug|Any CPU
		{4B421BDB-64C0-46E6-A065-B656BBBF66ED}.Debug|Any CPU.Build.0 = Debug|Any CPU
		{4B421BDB-64C0-46E6-A065-B656BBBF66ED}.Release|Any CPU.ActiveCfg = Release|Any CPU
		{4B421BDB-64C0-46E6-A065-B656BBBF66ED}.Release|Any CPU.Build.0 = Release|Any CPU
		{5D13B508-137C-416D-825D-F4156F1502CB}.Debug|Any CPU.ActiveCfg = Debug|Any CPU
		{5D13B508-137C-416D-825D-F4156F1502CB}.Debug|Any CPU.Build.0 = Debug|Any CPU
		{5D13B508-137C-416D-825D-F4156F1502CB}.Release|Any CPU.ActiveCfg = Release|Any CPU
		{5D13B508-137C-416D-825D-F4156F1502CB}.Release|Any CPU.Build.0 = Release|Any CPU
		{86EF4243-8453-403C-8BAD-258B1D720347}.Debug|Any CPU.ActiveCfg = Debug|Any CPU
		{86EF4243-8453-403C-8BAD-258B1D720347}.Debug|Any CPU.Build.0 = Debug|Any CPU
		{86EF4243-8453-403C-8BAD-258B1D720347}.Release|Any CPU.ActiveCfg = Release|Any CPU
		{86EF4243-8453-403C-8BAD-258B1D720347}.Release|Any CPU.Build.0 = Release|Any CPU
		{28C54AC5-B86C-4B25-9F1F-AE92F165A65B}.Debug|Any CPU.ActiveCfg = Debug|Any CPU
		{28C54AC5-B86C-4B25-9F1F-AE92F165A65B}.Debug|Any CPU.Build.0 = Debug|Any CPU
		{28C54AC5-B86C-4B25-9F1F-AE92F165A65B}.Release|Any CPU.ActiveCfg = Release|Any CPU
		{28C54AC5-B86C-4B25-9F1F-AE92F165A65B}.Release|Any CPU.Build.0 = Release|Any CPU
		{CD6DA4B8-A8A0-4ACE-99BD-0677B1282899}.Debug|Any CPU.ActiveCfg = Debug|Any CPU
		{CD6DA4B8-A8A0-4ACE-99BD-0677B1282899}.Debug|Any CPU.Build.0 = Debug|Any CPU
		{CD6DA4B8-A8A0-4ACE-99BD-0677B1282899}.Release|Any CPU.ActiveCfg = Release|Any CPU
		{CD6DA4B8-A8A0-4ACE-99BD-0677B1282899}.Release|Any CPU.Build.0 = Release|Any CPU
		{0A048B0F-BEEF-4A4D-8353-A66F7401CCED}.Debug|Any CPU.ActiveCfg = Debug|Any CPU
		{0A048B0F-BEEF-4A4D-8353-A66F7401CCED}.Debug|Any CPU.Build.0 = Debug|Any CPU
		{0A048B0F-BEEF-4A4D-8353-A66F7401CCED}.Release|Any CPU.ActiveCfg = Release|Any CPU
		{0A048B0F-BEEF-4A4D-8353-A66F7401CCED}.Release|Any CPU.Build.0 = Release|Any CPU
		{F315E768-0269-4FC0-8587-5CA6B3415D94}.Debug|Any CPU.ActiveCfg = Debug|Any CPU
		{F315E768-0269-4FC0-8587-5CA6B3415D94}.Debug|Any CPU.Build.0 = Debug|Any CPU
		{F315E768-0269-4FC0-8587-5CA6B3415D94}.Release|Any CPU.ActiveCfg = Release|Any CPU
		{F315E768-0269-4FC0-8587-5CA6B3415D94}.Release|Any CPU.Build.0 = Release|Any CPU
		{6E27F9AB-1681-40A9-B5ED-B7666E187A93}.Debug|Any CPU.ActiveCfg = Debug|Any CPU
		{6E27F9AB-1681-40A9-B5ED-B7666E187A93}.Debug|Any CPU.Build.0 = Debug|Any CPU
		{6E27F9AB-1681-40A9-B5ED-B7666E187A93}.Release|Any CPU.ActiveCfg = Release|Any CPU
		{6E27F9AB-1681-40A9-B5ED-B7666E187A93}.Release|Any CPU.Build.0 = Release|Any CPU
		{EB14D333-2D84-4532-8C9D-7F1108EE10E3}.Debug|Any CPU.ActiveCfg = Debug|Any CPU
		{EB14D333-2D84-4532-8C9D-7F1108EE10E3}.Debug|Any CPU.Build.0 = Debug|Any CPU
		{EB14D333-2D84-4532-8C9D-7F1108EE10E3}.Release|Any CPU.ActiveCfg = Release|Any CPU
		{EB14D333-2D84-4532-8C9D-7F1108EE10E3}.Release|Any CPU.Build.0 = Release|Any CPU
		{3ACDA2DB-1A8A-468B-97FD-9DC688C1776A}.Debug|Any CPU.ActiveCfg = Debug|Any CPU
		{3ACDA2DB-1A8A-468B-97FD-9DC688C1776A}.Debug|Any CPU.Build.0 = Debug|Any CPU
		{3ACDA2DB-1A8A-468B-97FD-9DC688C1776A}.Release|Any CPU.ActiveCfg = Release|Any CPU
		{3ACDA2DB-1A8A-468B-97FD-9DC688C1776A}.Release|Any CPU.Build.0 = Release|Any CPU
		{F98F0294-0A54-4763-990B-47CFF64217F4}.Debug|Any CPU.ActiveCfg = Debug|Any CPU
		{F98F0294-0A54-4763-990B-47CFF64217F4}.Debug|Any CPU.Build.0 = Debug|Any CPU
		{F98F0294-0A54-4763-990B-47CFF64217F4}.Release|Any CPU.ActiveCfg = Release|Any CPU
		{F98F0294-0A54-4763-990B-47CFF64217F4}.Release|Any CPU.Build.0 = Release|Any CPU
		{6D1077F6-FFA4-49BA-9A2C-03F5BD27074A}.Debug|Any CPU.ActiveCfg = Debug|Any CPU
		{6D1077F6-FFA4-49BA-9A2C-03F5BD27074A}.Debug|Any CPU.Build.0 = Debug|Any CPU
		{6D1077F6-FFA4-49BA-9A2C-03F5BD27074A}.Release|Any CPU.ActiveCfg = Release|Any CPU
		{6D1077F6-FFA4-49BA-9A2C-03F5BD27074A}.Release|Any CPU.Build.0 = Release|Any CPU
		{38007627-7363-4140-B294-9AAB1642FDE7}.Debug|Any CPU.ActiveCfg = Debug|Any CPU
		{38007627-7363-4140-B294-9AAB1642FDE7}.Debug|Any CPU.Build.0 = Debug|Any CPU
		{38007627-7363-4140-B294-9AAB1642FDE7}.Release|Any CPU.ActiveCfg = Release|Any CPU
		{38007627-7363-4140-B294-9AAB1642FDE7}.Release|Any CPU.Build.0 = Release|Any CPU
		{2660B217-3A30-4212-B65F-15C0B0432D3C}.Debug|Any CPU.ActiveCfg = Debug|Any CPU
		{2660B217-3A30-4212-B65F-15C0B0432D3C}.Debug|Any CPU.Build.0 = Debug|Any CPU
		{2660B217-3A30-4212-B65F-15C0B0432D3C}.Release|Any CPU.ActiveCfg = Release|Any CPU
		{2660B217-3A30-4212-B65F-15C0B0432D3C}.Release|Any CPU.Build.0 = Release|Any CPU
		{B393A010-30E7-414C-B291-44D7543ADB49}.Debug|Any CPU.ActiveCfg = Debug|Any CPU
		{B393A010-30E7-414C-B291-44D7543ADB49}.Debug|Any CPU.Build.0 = Debug|Any CPU
		{B393A010-30E7-414C-B291-44D7543ADB49}.Release|Any CPU.ActiveCfg = Release|Any CPU
		{B393A010-30E7-414C-B291-44D7543ADB49}.Release|Any CPU.Build.0 = Release|Any CPU
		{4396893D-01AC-4D8C-BD10-FF396ABADD3B}.Debug|Any CPU.ActiveCfg = Debug|Any CPU
		{4396893D-01AC-4D8C-BD10-FF396ABADD3B}.Debug|Any CPU.Build.0 = Debug|Any CPU
		{4396893D-01AC-4D8C-BD10-FF396ABADD3B}.Release|Any CPU.ActiveCfg = Release|Any CPU
		{4396893D-01AC-4D8C-BD10-FF396ABADD3B}.Release|Any CPU.Build.0 = Release|Any CPU
		{6C8979A2-6684-40A1-9B76-405063DADE7A}.Debug|Any CPU.ActiveCfg = Debug|Any CPU
		{6C8979A2-6684-40A1-9B76-405063DADE7A}.Debug|Any CPU.Build.0 = Debug|Any CPU
		{6C8979A2-6684-40A1-9B76-405063DADE7A}.Release|Any CPU.ActiveCfg = Release|Any CPU
		{6C8979A2-6684-40A1-9B76-405063DADE7A}.Release|Any CPU.Build.0 = Release|Any CPU
		{3084439D-B103-41CD-A0F2-67C5204C8C61}.Debug|Any CPU.ActiveCfg = Debug|Any CPU
		{3084439D-B103-41CD-A0F2-67C5204C8C61}.Debug|Any CPU.Build.0 = Debug|Any CPU
		{3084439D-B103-41CD-A0F2-67C5204C8C61}.Release|Any CPU.ActiveCfg = Release|Any CPU
		{3084439D-B103-41CD-A0F2-67C5204C8C61}.Release|Any CPU.Build.0 = Release|Any CPU
		{3F2D98F8-B8E8-4B7B-815A-F5E2AE2193D0}.Debug|Any CPU.ActiveCfg = Debug|Any CPU
		{3F2D98F8-B8E8-4B7B-815A-F5E2AE2193D0}.Debug|Any CPU.Build.0 = Debug|Any CPU
		{3F2D98F8-B8E8-4B7B-815A-F5E2AE2193D0}.Release|Any CPU.ActiveCfg = Release|Any CPU
		{3F2D98F8-B8E8-4B7B-815A-F5E2AE2193D0}.Release|Any CPU.Build.0 = Release|Any CPU
		{D7096ACA-72DD-41A7-AB34-9D465DBD4333}.Debug|Any CPU.ActiveCfg = Debug|Any CPU
		{D7096ACA-72DD-41A7-AB34-9D465DBD4333}.Debug|Any CPU.Build.0 = Debug|Any CPU
		{D7096ACA-72DD-41A7-AB34-9D465DBD4333}.Release|Any CPU.ActiveCfg = Release|Any CPU
		{D7096ACA-72DD-41A7-AB34-9D465DBD4333}.Release|Any CPU.Build.0 = Release|Any CPU
		{4E73C668-9E0F-49D2-8E03-445F42D401DB}.Debug|Any CPU.ActiveCfg = Debug|Any CPU
		{4E73C668-9E0F-49D2-8E03-445F42D401DB}.Debug|Any CPU.Build.0 = Debug|Any CPU
		{4E73C668-9E0F-49D2-8E03-445F42D401DB}.Release|Any CPU.ActiveCfg = Release|Any CPU
		{4E73C668-9E0F-49D2-8E03-445F42D401DB}.Release|Any CPU.Build.0 = Release|Any CPU
		{32C5898A-896A-4C4D-A043-6D8956DCB18E}.Debug|Any CPU.ActiveCfg = Debug|Any CPU
		{32C5898A-896A-4C4D-A043-6D8956DCB18E}.Debug|Any CPU.Build.0 = Debug|Any CPU
		{32C5898A-896A-4C4D-A043-6D8956DCB18E}.Release|Any CPU.ActiveCfg = Release|Any CPU
		{32C5898A-896A-4C4D-A043-6D8956DCB18E}.Release|Any CPU.Build.0 = Release|Any CPU
		{2BDDF0FB-B445-4951-AE1D-7F6767E9B887}.Debug|Any CPU.ActiveCfg = Debug|Any CPU
		{2BDDF0FB-B445-4951-AE1D-7F6767E9B887}.Debug|Any CPU.Build.0 = Debug|Any CPU
		{2BDDF0FB-B445-4951-AE1D-7F6767E9B887}.Release|Any CPU.ActiveCfg = Release|Any CPU
		{2BDDF0FB-B445-4951-AE1D-7F6767E9B887}.Release|Any CPU.Build.0 = Release|Any CPU
		{62B0ED6D-62A4-4B5A-B49B-0B2BCBA058AE}.Debug|Any CPU.ActiveCfg = Debug|Any CPU
		{62B0ED6D-62A4-4B5A-B49B-0B2BCBA058AE}.Debug|Any CPU.Build.0 = Debug|Any CPU
		{62B0ED6D-62A4-4B5A-B49B-0B2BCBA058AE}.Release|Any CPU.ActiveCfg = Release|Any CPU
		{62B0ED6D-62A4-4B5A-B49B-0B2BCBA058AE}.Release|Any CPU.Build.0 = Release|Any CPU
		{F2EB985E-E1C1-48F5-9592-C2557A5FE8DC}.Debug|Any CPU.ActiveCfg = Debug|Any CPU
		{F2EB985E-E1C1-48F5-9592-C2557A5FE8DC}.Debug|Any CPU.Build.0 = Debug|Any CPU
		{F2EB985E-E1C1-48F5-9592-C2557A5FE8DC}.Release|Any CPU.ActiveCfg = Release|Any CPU
		{F2EB985E-E1C1-48F5-9592-C2557A5FE8DC}.Release|Any CPU.Build.0 = Release|Any CPU
		{F6B5C7D5-0422-4691-A175-3D4E8887DAB2}.Debug|Any CPU.ActiveCfg = Debug|Any CPU
		{F6B5C7D5-0422-4691-A175-3D4E8887DAB2}.Debug|Any CPU.Build.0 = Debug|Any CPU
		{F6B5C7D5-0422-4691-A175-3D4E8887DAB2}.Release|Any CPU.ActiveCfg = Release|Any CPU
		{F6B5C7D5-0422-4691-A175-3D4E8887DAB2}.Release|Any CPU.Build.0 = Release|Any CPU
		{E4A184DF-13D9-4466-9AC6-7E1C6539C484}.Debug|Any CPU.ActiveCfg = Debug|Any CPU
		{E4A184DF-13D9-4466-9AC6-7E1C6539C484}.Debug|Any CPU.Build.0 = Debug|Any CPU
		{E4A184DF-13D9-4466-9AC6-7E1C6539C484}.Release|Any CPU.ActiveCfg = Release|Any CPU
		{E4A184DF-13D9-4466-9AC6-7E1C6539C484}.Release|Any CPU.Build.0 = Release|Any CPU
		{4BBA3C62-9382-48BB-9352-0F7492AC47C8}.Debug|Any CPU.ActiveCfg = Debug|Any CPU
		{4BBA3C62-9382-48BB-9352-0F7492AC47C8}.Debug|Any CPU.Build.0 = Debug|Any CPU
		{4BBA3C62-9382-48BB-9352-0F7492AC47C8}.Release|Any CPU.ActiveCfg = Release|Any CPU
		{4BBA3C62-9382-48BB-9352-0F7492AC47C8}.Release|Any CPU.Build.0 = Release|Any CPU
		{517349BB-BC6D-4661-A08A-17C12F51548F}.Debug|Any CPU.ActiveCfg = Debug|Any CPU
		{517349BB-BC6D-4661-A08A-17C12F51548F}.Debug|Any CPU.Build.0 = Debug|Any CPU
		{517349BB-BC6D-4661-A08A-17C12F51548F}.Release|Any CPU.ActiveCfg = Release|Any CPU
		{517349BB-BC6D-4661-A08A-17C12F51548F}.Release|Any CPU.Build.0 = Release|Any CPU
		{F62F7AB5-D4A2-4387-BD73-3B09DF25D99A}.Debug|Any CPU.ActiveCfg = Debug|Any CPU
		{F62F7AB5-D4A2-4387-BD73-3B09DF25D99A}.Debug|Any CPU.Build.0 = Debug|Any CPU
		{F62F7AB5-D4A2-4387-BD73-3B09DF25D99A}.Release|Any CPU.ActiveCfg = Release|Any CPU
		{F62F7AB5-D4A2-4387-BD73-3B09DF25D99A}.Release|Any CPU.Build.0 = Release|Any CPU
		{4C8A7CC2-7199-4421-B8E1-87E7966F0E01}.Debug|Any CPU.ActiveCfg = Debug|Any CPU
		{4C8A7CC2-7199-4421-B8E1-87E7966F0E01}.Debug|Any CPU.Build.0 = Debug|Any CPU
		{4C8A7CC2-7199-4421-B8E1-87E7966F0E01}.Release|Any CPU.ActiveCfg = Release|Any CPU
		{4C8A7CC2-7199-4421-B8E1-87E7966F0E01}.Release|Any CPU.Build.0 = Release|Any CPU
		{136B34C3-07D2-497A-8D6B-11C3E595755D}.Debug|Any CPU.ActiveCfg = Debug|Any CPU
		{136B34C3-07D2-497A-8D6B-11C3E595755D}.Debug|Any CPU.Build.0 = Debug|Any CPU
		{136B34C3-07D2-497A-8D6B-11C3E595755D}.Release|Any CPU.ActiveCfg = Release|Any CPU
		{136B34C3-07D2-497A-8D6B-11C3E595755D}.Release|Any CPU.Build.0 = Release|Any CPU
		{510E6C14-2460-4D96-85F3-D2BF9E85DA8F}.Debug|Any CPU.ActiveCfg = Debug|Any CPU
		{510E6C14-2460-4D96-85F3-D2BF9E85DA8F}.Debug|Any CPU.Build.0 = Debug|Any CPU
		{510E6C14-2460-4D96-85F3-D2BF9E85DA8F}.Release|Any CPU.ActiveCfg = Release|Any CPU
		{510E6C14-2460-4D96-85F3-D2BF9E85DA8F}.Release|Any CPU.Build.0 = Release|Any CPU
		{0D0BAE6B-58CE-4238-BCB7-0396C8740385}.Debug|Any CPU.ActiveCfg = Debug|Any CPU
		{0D0BAE6B-58CE-4238-BCB7-0396C8740385}.Debug|Any CPU.Build.0 = Debug|Any CPU
		{0D0BAE6B-58CE-4238-BCB7-0396C8740385}.Release|Any CPU.ActiveCfg = Release|Any CPU
		{0D0BAE6B-58CE-4238-BCB7-0396C8740385}.Release|Any CPU.Build.0 = Release|Any CPU
		{F4AE31E4-520F-4EEA-8C81-9C5F5110FF09}.Debug|Any CPU.ActiveCfg = Debug|Any CPU
		{F4AE31E4-520F-4EEA-8C81-9C5F5110FF09}.Debug|Any CPU.Build.0 = Debug|Any CPU
		{F4AE31E4-520F-4EEA-8C81-9C5F5110FF09}.Release|Any CPU.ActiveCfg = Release|Any CPU
		{F4AE31E4-520F-4EEA-8C81-9C5F5110FF09}.Release|Any CPU.Build.0 = Release|Any CPU
		{F7E69302-31D1-41EC-A248-170B7A7F3A07}.Debug|Any CPU.ActiveCfg = Debug|Any CPU
		{F7E69302-31D1-41EC-A248-170B7A7F3A07}.Debug|Any CPU.Build.0 = Debug|Any CPU
		{F7E69302-31D1-41EC-A248-170B7A7F3A07}.Release|Any CPU.ActiveCfg = Release|Any CPU
		{F7E69302-31D1-41EC-A248-170B7A7F3A07}.Release|Any CPU.Build.0 = Release|Any CPU
		{765A87BD-DE02-4C85-9B2F-AEAC19156D71}.Debug|Any CPU.ActiveCfg = Debug|Any CPU
		{765A87BD-DE02-4C85-9B2F-AEAC19156D71}.Debug|Any CPU.Build.0 = Debug|Any CPU
		{765A87BD-DE02-4C85-9B2F-AEAC19156D71}.Release|Any CPU.ActiveCfg = Release|Any CPU
		{765A87BD-DE02-4C85-9B2F-AEAC19156D71}.Release|Any CPU.Build.0 = Release|Any CPU
		{9CF1F9B8-5215-4DDA-B66F-BB1D28E511CA}.Debug|Any CPU.ActiveCfg = Debug|Any CPU
		{9CF1F9B8-5215-4DDA-B66F-BB1D28E511CA}.Debug|Any CPU.Build.0 = Debug|Any CPU
		{9CF1F9B8-5215-4DDA-B66F-BB1D28E511CA}.Release|Any CPU.ActiveCfg = Release|Any CPU
		{9CF1F9B8-5215-4DDA-B66F-BB1D28E511CA}.Release|Any CPU.Build.0 = Release|Any CPU
		{7293C1A3-6BEA-4DBD-A405-4F88F4AA2E1F}.Debug|Any CPU.ActiveCfg = Debug|Any CPU
		{7293C1A3-6BEA-4DBD-A405-4F88F4AA2E1F}.Debug|Any CPU.Build.0 = Debug|Any CPU
		{7293C1A3-6BEA-4DBD-A405-4F88F4AA2E1F}.Release|Any CPU.ActiveCfg = Release|Any CPU
		{7293C1A3-6BEA-4DBD-A405-4F88F4AA2E1F}.Release|Any CPU.Build.0 = Release|Any CPU
		{35445A11-F1DA-4EEB-BF2E-1028955D8574}.Debug|Any CPU.ActiveCfg = Debug|Any CPU
		{35445A11-F1DA-4EEB-BF2E-1028955D8574}.Debug|Any CPU.Build.0 = Debug|Any CPU
		{35445A11-F1DA-4EEB-BF2E-1028955D8574}.Release|Any CPU.ActiveCfg = Release|Any CPU
		{35445A11-F1DA-4EEB-BF2E-1028955D8574}.Release|Any CPU.Build.0 = Release|Any CPU
		{E75E5E97-D963-4C73-BDA9-06901FA6FDFE}.Debug|Any CPU.ActiveCfg = Debug|Any CPU
		{E75E5E97-D963-4C73-BDA9-06901FA6FDFE}.Debug|Any CPU.Build.0 = Debug|Any CPU
		{E75E5E97-D963-4C73-BDA9-06901FA6FDFE}.Release|Any CPU.ActiveCfg = Release|Any CPU
		{E75E5E97-D963-4C73-BDA9-06901FA6FDFE}.Release|Any CPU.Build.0 = Release|Any CPU
		{8CB6EFED-1B69-42B9-9E8C-778F90EBFA3E}.Debug|Any CPU.ActiveCfg = Debug|Any CPU
		{8CB6EFED-1B69-42B9-9E8C-778F90EBFA3E}.Debug|Any CPU.Build.0 = Debug|Any CPU
		{8CB6EFED-1B69-42B9-9E8C-778F90EBFA3E}.Release|Any CPU.ActiveCfg = Release|Any CPU
		{8CB6EFED-1B69-42B9-9E8C-778F90EBFA3E}.Release|Any CPU.Build.0 = Release|Any CPU
		{2B88A97B-B4A3-45A2-BE87-684799A00B8B}.Debug|Any CPU.ActiveCfg = Debug|Any CPU
		{2B88A97B-B4A3-45A2-BE87-684799A00B8B}.Debug|Any CPU.Build.0 = Debug|Any CPU
		{2B88A97B-B4A3-45A2-BE87-684799A00B8B}.Release|Any CPU.ActiveCfg = Release|Any CPU
		{2B88A97B-B4A3-45A2-BE87-684799A00B8B}.Release|Any CPU.Build.0 = Release|Any CPU
		{4BD93613-005A-44C5-88C0-C196CD8F160C}.Debug|Any CPU.ActiveCfg = Debug|Any CPU
		{4BD93613-005A-44C5-88C0-C196CD8F160C}.Debug|Any CPU.Build.0 = Debug|Any CPU
		{4BD93613-005A-44C5-88C0-C196CD8F160C}.Release|Any CPU.ActiveCfg = Release|Any CPU
		{4BD93613-005A-44C5-88C0-C196CD8F160C}.Release|Any CPU.Build.0 = Release|Any CPU
		{29EBAEAE-5116-4078-8122-0F05D51C0A33}.Debug|Any CPU.ActiveCfg = Debug|Any CPU
		{29EBAEAE-5116-4078-8122-0F05D51C0A33}.Debug|Any CPU.Build.0 = Debug|Any CPU
		{29EBAEAE-5116-4078-8122-0F05D51C0A33}.Release|Any CPU.ActiveCfg = Release|Any CPU
		{29EBAEAE-5116-4078-8122-0F05D51C0A33}.Release|Any CPU.Build.0 = Release|Any CPU
		{ADA3EC0E-468E-4CDB-96ED-4E6434A9A1AC}.Debug|Any CPU.ActiveCfg = Debug|Any CPU
		{ADA3EC0E-468E-4CDB-96ED-4E6434A9A1AC}.Debug|Any CPU.Build.0 = Debug|Any CPU
		{ADA3EC0E-468E-4CDB-96ED-4E6434A9A1AC}.Release|Any CPU.ActiveCfg = Release|Any CPU
		{ADA3EC0E-468E-4CDB-96ED-4E6434A9A1AC}.Release|Any CPU.Build.0 = Release|Any CPU
		{26D2F81A-1B94-470E-B122-19067E976FD1}.Debug|Any CPU.ActiveCfg = Debug|Any CPU
		{26D2F81A-1B94-470E-B122-19067E976FD1}.Debug|Any CPU.Build.0 = Debug|Any CPU
		{26D2F81A-1B94-470E-B122-19067E976FD1}.Release|Any CPU.ActiveCfg = Release|Any CPU
		{26D2F81A-1B94-470E-B122-19067E976FD1}.Release|Any CPU.Build.0 = Release|Any CPU
		{93BE120D-88B9-418E-9971-DDC1E8CB560F}.Debug|Any CPU.ActiveCfg = Debug|Any CPU
		{93BE120D-88B9-418E-9971-DDC1E8CB560F}.Debug|Any CPU.Build.0 = Debug|Any CPU
		{93BE120D-88B9-418E-9971-DDC1E8CB560F}.Release|Any CPU.ActiveCfg = Release|Any CPU
		{93BE120D-88B9-418E-9971-DDC1E8CB560F}.Release|Any CPU.Build.0 = Release|Any CPU
		{EB29DA5C-985B-415F-A54F-D46186AC3A48}.Debug|Any CPU.ActiveCfg = Debug|Any CPU
		{EB29DA5C-985B-415F-A54F-D46186AC3A48}.Debug|Any CPU.Build.0 = Debug|Any CPU
		{EB29DA5C-985B-415F-A54F-D46186AC3A48}.Release|Any CPU.ActiveCfg = Release|Any CPU
		{EB29DA5C-985B-415F-A54F-D46186AC3A48}.Release|Any CPU.Build.0 = Release|Any CPU
		{C15D7906-CD0C-4C95-B338-ED9454BACA25}.Debug|Any CPU.ActiveCfg = Debug|Any CPU
		{C15D7906-CD0C-4C95-B338-ED9454BACA25}.Debug|Any CPU.Build.0 = Debug|Any CPU
		{C15D7906-CD0C-4C95-B338-ED9454BACA25}.Release|Any CPU.ActiveCfg = Release|Any CPU
		{C15D7906-CD0C-4C95-B338-ED9454BACA25}.Release|Any CPU.Build.0 = Release|Any CPU
	EndGlobalSection
	GlobalSection(SolutionProperties) = preSolution
		HideSolutionNode = FALSE
	EndGlobalSection
	GlobalSection(NestedProjects) = preSolution
		{9FFC5940-3B43-4CED-9A4E-E573EEDF77AC} = {A605A1E7-7065-4ED1-87D8-3C6159F33A0A}
		{8F29692A-21C3-4EA8-9941-2B72819C2454} = {9FFC5940-3B43-4CED-9A4E-E573EEDF77AC}
		{4B421BDB-64C0-46E6-A065-B656BBBF66ED} = {9FFC5940-3B43-4CED-9A4E-E573EEDF77AC}
		{91B0F9FC-B92D-4D83-9144-E81B4DACA12F} = {A605A1E7-7065-4ED1-87D8-3C6159F33A0A}
		{5D13B508-137C-416D-825D-F4156F1502CB} = {9FFC5940-3B43-4CED-9A4E-E573EEDF77AC}
		{CF383077-EC0F-402C-82E8-F3811ABCBFDF} = {A605A1E7-7065-4ED1-87D8-3C6159F33A0A}
		{86EF4243-8453-403C-8BAD-258B1D720347} = {CF383077-EC0F-402C-82E8-F3811ABCBFDF}
		{28C54AC5-B86C-4B25-9F1F-AE92F165A65B} = {CF383077-EC0F-402C-82E8-F3811ABCBFDF}
		{CD6DA4B8-A8A0-4ACE-99BD-0677B1282899} = {CF383077-EC0F-402C-82E8-F3811ABCBFDF}
		{0A048B0F-BEEF-4A4D-8353-A66F7401CCED} = {91B0F9FC-B92D-4D83-9144-E81B4DACA12F}
		{F315E768-0269-4FC0-8587-5CA6B3415D94} = {91B0F9FC-B92D-4D83-9144-E81B4DACA12F}
		{6E27F9AB-1681-40A9-B5ED-B7666E187A93} = {91B0F9FC-B92D-4D83-9144-E81B4DACA12F}
		{6D1077F6-FFA4-49BA-9A2C-03F5BD27074A} = {A605A1E7-7065-4ED1-87D8-3C6159F33A0A}
		{94C61A6A-26CF-4C4A-9A09-E304CB3B0265} = {A605A1E7-7065-4ED1-87D8-3C6159F33A0A}
		{AD83FF43-B38A-4D1C-BA19-CE27722CB639} = {A605A1E7-7065-4ED1-87D8-3C6159F33A0A}
		{6C8979A2-6684-40A1-9B76-405063DADE7A} = {AD83FF43-B38A-4D1C-BA19-CE27722CB639}
		{3084439D-B103-41CD-A0F2-67C5204C8C61} = {AD83FF43-B38A-4D1C-BA19-CE27722CB639}
		{3F2D98F8-B8E8-4B7B-815A-F5E2AE2193D0} = {AD83FF43-B38A-4D1C-BA19-CE27722CB639}
		{4E73C668-9E0F-49D2-8E03-445F42D401DB} = {94C61A6A-26CF-4C4A-9A09-E304CB3B0265}
		{0BE29993-D472-4F6A-80FD-F5121827E4F4} = {A605A1E7-7065-4ED1-87D8-3C6159F33A0A}
		{32C5898A-896A-4C4D-A043-6D8956DCB18E} = {0BE29993-D472-4F6A-80FD-F5121827E4F4}
		{2BDDF0FB-B445-4951-AE1D-7F6767E9B887} = {0BE29993-D472-4F6A-80FD-F5121827E4F4}
		{62B0ED6D-62A4-4B5A-B49B-0B2BCBA058AE} = {0BE29993-D472-4F6A-80FD-F5121827E4F4}
		{F2EB985E-E1C1-48F5-9592-C2557A5FE8DC} = {0BE29993-D472-4F6A-80FD-F5121827E4F4}
		{81C43353-0C28-4460-82FD-488E2A720BEE} = {A605A1E7-7065-4ED1-87D8-3C6159F33A0A}
		{E4A184DF-13D9-4466-9AC6-7E1C6539C484} = {81C43353-0C28-4460-82FD-488E2A720BEE}
		{4BBA3C62-9382-48BB-9352-0F7492AC47C8} = {81C43353-0C28-4460-82FD-488E2A720BEE}
		{517349BB-BC6D-4661-A08A-17C12F51548F} = {81C43353-0C28-4460-82FD-488E2A720BEE}
		{4B1221BC-8AC7-45F1-A967-79E2E676FCA2} = {A605A1E7-7065-4ED1-87D8-3C6159F33A0A}
		{F62F7AB5-D4A2-4387-BD73-3B09DF25D99A} = {4B1221BC-8AC7-45F1-A967-79E2E676FCA2}
		{4C8A7CC2-7199-4421-B8E1-87E7966F0E01} = {4B1221BC-8AC7-45F1-A967-79E2E676FCA2}
		{136B34C3-07D2-497A-8D6B-11C3E595755D} = {4B1221BC-8AC7-45F1-A967-79E2E676FCA2}
		{510E6C14-2460-4D96-85F3-D2BF9E85DA8F} = {81C43353-0C28-4460-82FD-488E2A720BEE}
		{0D0BAE6B-58CE-4238-BCB7-0396C8740385} = {81C43353-0C28-4460-82FD-488E2A720BEE}
		{F4AE31E4-520F-4EEA-8C81-9C5F5110FF09} = {81C43353-0C28-4460-82FD-488E2A720BEE}
		{3959EE3B-2F0E-4A52-9B38-25E67F3A76AA} = {A605A1E7-7065-4ED1-87D8-3C6159F33A0A}
		{765A87BD-DE02-4C85-9B2F-AEAC19156D71} = {3959EE3B-2F0E-4A52-9B38-25E67F3A76AA}
		{9CF1F9B8-5215-4DDA-B66F-BB1D28E511CA} = {3959EE3B-2F0E-4A52-9B38-25E67F3A76AA}
		{7293C1A3-6BEA-4DBD-A405-4F88F4AA2E1F} = {3959EE3B-2F0E-4A52-9B38-25E67F3A76AA}
		{35445A11-F1DA-4EEB-BF2E-1028955D8574} = {3959EE3B-2F0E-4A52-9B38-25E67F3A76AA}
		{E75E5E97-D963-4C73-BDA9-06901FA6FDFE} = {3959EE3B-2F0E-4A52-9B38-25E67F3A76AA}
		{8CB6EFED-1B69-42B9-9E8C-778F90EBFA3E} = {94C61A6A-26CF-4C4A-9A09-E304CB3B0265}
		{2B88A97B-B4A3-45A2-BE87-684799A00B8B} = {94C61A6A-26CF-4C4A-9A09-E304CB3B0265}
		{A75D9C6C-0365-4F80-95AB-36B957E6A05B} = {A605A1E7-7065-4ED1-87D8-3C6159F33A0A}
		{4BD93613-005A-44C5-88C0-C196CD8F160C} = {A75D9C6C-0365-4F80-95AB-36B957E6A05B}
		{29EBAEAE-5116-4078-8122-0F05D51C0A33} = {A75D9C6C-0365-4F80-95AB-36B957E6A05B}
		{ADA3EC0E-468E-4CDB-96ED-4E6434A9A1AC} = {A75D9C6C-0365-4F80-95AB-36B957E6A05B}
		{11C82226-5F24-4849-AC28-F2FA5620CBD9} = {A605A1E7-7065-4ED1-87D8-3C6159F33A0A}
		{93BE120D-88B9-418E-9971-DDC1E8CB560F} = {11C82226-5F24-4849-AC28-F2FA5620CBD9}
		{EB29DA5C-985B-415F-A54F-D46186AC3A48} = {11C82226-5F24-4849-AC28-F2FA5620CBD9}
		{C15D7906-CD0C-4C95-B338-ED9454BACA25} = {11C82226-5F24-4849-AC28-F2FA5620CBD9}
	EndGlobalSection
	GlobalSection(ExtensibilityGlobals) = postSolution
		SolutionGuid = {9C903E86-5147-4487-B701-7548555524C0}
	EndGlobalSection
EndGlobal
