
Microsoft Visual Studio Solution File, Format Version 12.00
# Visual Studio Version 16
VisualStudioVersion = 16.0.28711.60
MinimumVisualStudioVersion = 10.0.40219.1
Project("{2150E333-8FDC-42A3-9474-1A3956D46DE8}") = "Samples", "Samples", "{A605A1E7-7065-4ED1-87D8-3C6159F33A0A}"
EndProject
Project("{2150E333-8FDC-42A3-9474-1A3956D46DE8}") = "Api", "Api", "{9FFC5940-3B43-4CED-9A4E-E573EEDF77AC}"
EndProject
Project("{9A19103F-16F7-4668-BE54-9A1E7A4F7556}") = "DataContract", "samples\Api\DataContract\DataContract.csproj", "{8F29692A-21C3-4EA8-9941-2B72819C2454}"
EndProject
Project("{9A19103F-16F7-4668-BE54-9A1E7A4F7556}") = "Service", "samples\Api\Service\Service.csproj", "{4B421BDB-64C0-46E6-A065-B656BBBF66ED}"
EndProject
Project("{2150E333-8FDC-42A3-9474-1A3956D46DE8}") = "LoadBalance", "LoadBalance", "{91B0F9FC-B92D-4D83-9144-E81B4DACA12F}"
EndProject
Project("{9A19103F-16F7-4668-BE54-9A1E7A4F7556}") = "Client", "samples\Api\Client\Client.csproj", "{5D13B508-137C-416D-825D-F4156F1502CB}"
EndProject
Project("{2150E333-8FDC-42A3-9474-1A3956D46DE8}") = "HelloWorld", "HelloWorld", "{CF383077-EC0F-402C-82E8-F3811ABCBFDF}"
EndProject
Project("{9A19103F-16F7-4668-BE54-9A1E7A4F7556}") = "Client", "samples\HelloWorld\Client\Client.csproj", "{86EF4243-8453-403C-8BAD-258B1D720347}"
EndProject
Project("{9A19103F-16F7-4668-BE54-9A1E7A4F7556}") = "DataContract", "samples\HelloWorld\DataContract\DataContract.csproj", "{28C54AC5-B86C-4B25-9F1F-AE92F165A65B}"
EndProject
Project("{9A19103F-16F7-4668-BE54-9A1E7A4F7556}") = "Service", "samples\HelloWorld\Service\Service.csproj", "{CD6DA4B8-A8A0-4ACE-99BD-0677B1282899}"
EndProject
Project("{9A19103F-16F7-4668-BE54-9A1E7A4F7556}") = "Client", "samples\LoadBalance\Client\Client.csproj", "{0A048B0F-BEEF-4A4D-8353-A66F7401CCED}"
EndProject
Project("{9A19103F-16F7-4668-BE54-9A1E7A4F7556}") = "DataContract", "samples\LoadBalance\DataContract\DataContract.csproj", "{F315E768-0269-4FC0-8587-5CA6B3415D94}"
EndProject
Project("{9A19103F-16F7-4668-BE54-9A1E7A4F7556}") = "Service", "samples\LoadBalance\Service\Service.csproj", "{6E27F9AB-1681-40A9-B5ED-B7666E187A93}"
EndProject
Project("{9A19103F-16F7-4668-BE54-9A1E7A4F7556}") = "NetRpc", "src\NetRpc\NetRpc.csproj", "{EB14D333-2D84-4532-8C9D-7F1108EE10E3}"
EndProject
Project("{9A19103F-16F7-4668-BE54-9A1E7A4F7556}") = "NetRpc.Grpc", "src\NetRpc.Grpc\NetRpc.Grpc.csproj", "{3ACDA2DB-1A8A-468B-97FD-9DC688C1776A}"
EndProject
Project("{9A19103F-16F7-4668-BE54-9A1E7A4F7556}") = "Proxy.Grpc", "src\Proxy.Grpc\Proxy.Grpc.csproj", "{F98F0294-0A54-4763-990B-47CFF64217F4}"
EndProject
Project("{9A19103F-16F7-4668-BE54-9A1E7A4F7556}") = "TestHelper", "samples\TestHelper\TestHelper.csproj", "{6D1077F6-FFA4-49BA-9A2C-03F5BD27074A}"
EndProject
Project("{9A19103F-16F7-4668-BE54-9A1E7A4F7556}") = "Proxy.RabbitMQ", "src\Proxy.RabbitMQ\Proxy.RabbitMQ.csproj", "{38007627-7363-4140-B294-9AAB1642FDE7}"
EndProject
Project("{9A19103F-16F7-4668-BE54-9A1E7A4F7556}") = "NetRpc.RabbitMQ", "src\NetRpc.RabbitMQ\NetRpc.RabbitMQ.csproj", "{2660B217-3A30-4212-B65F-15C0B0432D3C}"
EndProject
Project("{2150E333-8FDC-42A3-9474-1A3956D46DE8}") = "Solution Items", "Solution Items", "{59EDEAE2-8FD5-4757-865A-B1411B8AE1EB}"
	ProjectSection(SolutionItems) = preProject
		README.md = README.md
	EndProjectSection
EndProject
Project("{9A19103F-16F7-4668-BE54-9A1E7A4F7556}") = "NetRpc.Http", "src\NetRpc.Http\NetRpc.Http.csproj", "{B393A010-30E7-414C-B291-44D7543ADB49}"
EndProject
Project("{2150E333-8FDC-42A3-9474-1A3956D46DE8}") = "Http", "Http", "{94C61A6A-26CF-4C4A-9A09-E304CB3B0265}"
EndProject
Project("{9A19103F-16F7-4668-BE54-9A1E7A4F7556}") = "Service", "samples\Http\Service\Service.csproj", "{D3C0B420-356F-4FB3-8302-A90387CA88BF}"
EndProject
Project("{9A19103F-16F7-4668-BE54-9A1E7A4F7556}") = "DataContract", "samples\Http\DataContract\DataContract.csproj", "{7F92CADD-B243-45F3-A3A0-C613BFC1CB32}"
EndProject
Project("{9A19103F-16F7-4668-BE54-9A1E7A4F7556}") = "NetRpc.Contract", "src\NetRpc.Contract\NetRpc.Contract.csproj", "{4396893D-01AC-4D8C-BD10-FF396ABADD3B}"
EndProject
Project("{2150E333-8FDC-42A3-9474-1A3956D46DE8}") = "InitializeByDI", "InitializeByDI", "{CBAFF8A9-47A8-4422-AFDA-CC04CD3A6BAB}"
EndProject
Project("{9A19103F-16F7-4668-BE54-9A1E7A4F7556}") = "Service", "samples\InitializeByDI\Service\Service.csproj", "{DBF08E6A-0BCA-4B92-BD0F-F196D64A645B}"
EndProject
Project("{9A19103F-16F7-4668-BE54-9A1E7A4F7556}") = "Client", "samples\InitializeByDI\Client\Client.csproj", "{C560285D-4052-424E-81F6-84953AFB3CF2}"
EndProject
Project("{2150E333-8FDC-42A3-9474-1A3956D46DE8}") = "CallbackThrottling", "CallbackThrottling", "{AD83FF43-B38A-4D1C-BA19-CE27722CB639}"
EndProject
Project("{9A19103F-16F7-4668-BE54-9A1E7A4F7556}") = "Service", "samples\CallbackThrottling\Service\Service.csproj", "{6C8979A2-6684-40A1-9B76-405063DADE7A}"
EndProject
Project("{9A19103F-16F7-4668-BE54-9A1E7A4F7556}") = "Client", "samples\CallbackThrottling\Client\Client.csproj", "{3084439D-B103-41CD-A0F2-67C5204C8C61}"
EndProject
Project("{9A19103F-16F7-4668-BE54-9A1E7A4F7556}") = "DataContract", "samples\CallbackThrottling\DataContract\DataContract.csproj", "{3F2D98F8-B8E8-4B7B-815A-F5E2AE2193D0}"
EndProject
Project("{9A19103F-16F7-4668-BE54-9A1E7A4F7556}") = "NetRpc.Http.Client", "src\NetRpc.Http.Client\NetRpc.Http.Client.csproj", "{D7096ACA-72DD-41A7-AB34-9D465DBD4333}"
EndProject
Project("{9A19103F-16F7-4668-BE54-9A1E7A4F7556}") = "Client", "samples\Http\Client\Client.csproj", "{4E73C668-9E0F-49D2-8E03-445F42D401DB}"
EndProject
Project("{2150E333-8FDC-42A3-9474-1A3956D46DE8}") = "Gateway", "Gateway", "{0BE29993-D472-4F6A-80FD-F5121827E4F4}"
EndProject
Project("{9A19103F-16F7-4668-BE54-9A1E7A4F7556}") = "Client", "samples\Gateway\Client\Client.csproj", "{32C5898A-896A-4C4D-A043-6D8956DCB18E}"
EndProject
Project("{9A19103F-16F7-4668-BE54-9A1E7A4F7556}") = "DataContract", "samples\Gateway\DataContract\DataContract.csproj", "{2BDDF0FB-B445-4951-AE1D-7F6767E9B887}"
EndProject
Project("{9A19103F-16F7-4668-BE54-9A1E7A4F7556}") = "GatewayService", "samples\Gateway\GatewayService\GatewayService.csproj", "{62B0ED6D-62A4-4B5A-B49B-0B2BCBA058AE}"
EndProject
Project("{9A19103F-16F7-4668-BE54-9A1E7A4F7556}") = "GrpcService", "samples\Gateway\GrpcService\GrpcService.csproj", "{F2EB985E-E1C1-48F5-9592-C2557A5FE8DC}"
EndProject
Project("{2150E333-8FDC-42A3-9474-1A3956D46DE8}") = "Others", "Others", "{28A038A0-7618-4451-BDA2-7FCEEF13B3F5}"
EndProject
Project("{9A19103F-16F7-4668-BE54-9A1E7A4F7556}") = "Service", "samples\Others\Service\Service.csproj", "{43A7940C-1E76-4F64-AC1B-17EC3AB08943}"
EndProject
Project("{9A19103F-16F7-4668-BE54-9A1E7A4F7556}") = "DataContract", "samples\Others\DataContract\DataContract.csproj", "{86F37119-F0C6-4B78-8FBF-F32E3880049B}"
EndProject
Project("{9A19103F-16F7-4668-BE54-9A1E7A4F7556}") = "Client", "samples\Others\Client\Client.csproj", "{D37E8D15-826B-42A4-8585-ED39F24C08B5}"
EndProject
Global
	GlobalSection(SolutionConfigurationPlatforms) = preSolution
		Debug|Any CPU = Debug|Any CPU
		Release|Any CPU = Release|Any CPU
	EndGlobalSection
	GlobalSection(ProjectConfigurationPlatforms) = postSolution
		{8F29692A-21C3-4EA8-9941-2B72819C2454}.Debug|Any CPU.ActiveCfg = Debug|Any CPU
		{8F29692A-21C3-4EA8-9941-2B72819C2454}.Debug|Any CPU.Build.0 = Debug|Any CPU
		{8F29692A-21C3-4EA8-9941-2B72819C2454}.Release|Any CPU.ActiveCfg = Release|Any CPU
		{8F29692A-21C3-4EA8-9941-2B72819C2454}.Release|Any CPU.Build.0 = Release|Any CPU
		{4B421BDB-64C0-46E6-A065-B656BBBF66ED}.Debug|Any CPU.ActiveCfg = Debug|Any CPU
		{4B421BDB-64C0-46E6-A065-B656BBBF66ED}.Debug|Any CPU.Build.0 = Debug|Any CPU
		{4B421BDB-64C0-46E6-A065-B656BBBF66ED}.Release|Any CPU.ActiveCfg = Release|Any CPU
		{4B421BDB-64C0-46E6-A065-B656BBBF66ED}.Release|Any CPU.Build.0 = Release|Any CPU
		{5D13B508-137C-416D-825D-F4156F1502CB}.Debug|Any CPU.ActiveCfg = Debug|Any CPU
		{5D13B508-137C-416D-825D-F4156F1502CB}.Debug|Any CPU.Build.0 = Debug|Any CPU
		{5D13B508-137C-416D-825D-F4156F1502CB}.Release|Any CPU.ActiveCfg = Release|Any CPU
		{5D13B508-137C-416D-825D-F4156F1502CB}.Release|Any CPU.Build.0 = Release|Any CPU
		{86EF4243-8453-403C-8BAD-258B1D720347}.Debug|Any CPU.ActiveCfg = Debug|Any CPU
		{86EF4243-8453-403C-8BAD-258B1D720347}.Debug|Any CPU.Build.0 = Debug|Any CPU
		{86EF4243-8453-403C-8BAD-258B1D720347}.Release|Any CPU.ActiveCfg = Release|Any CPU
		{86EF4243-8453-403C-8BAD-258B1D720347}.Release|Any CPU.Build.0 = Release|Any CPU
		{28C54AC5-B86C-4B25-9F1F-AE92F165A65B}.Debug|Any CPU.ActiveCfg = Debug|Any CPU
		{28C54AC5-B86C-4B25-9F1F-AE92F165A65B}.Debug|Any CPU.Build.0 = Debug|Any CPU
		{28C54AC5-B86C-4B25-9F1F-AE92F165A65B}.Release|Any CPU.ActiveCfg = Release|Any CPU
		{28C54AC5-B86C-4B25-9F1F-AE92F165A65B}.Release|Any CPU.Build.0 = Release|Any CPU
		{CD6DA4B8-A8A0-4ACE-99BD-0677B1282899}.Debug|Any CPU.ActiveCfg = Debug|Any CPU
		{CD6DA4B8-A8A0-4ACE-99BD-0677B1282899}.Debug|Any CPU.Build.0 = Debug|Any CPU
		{CD6DA4B8-A8A0-4ACE-99BD-0677B1282899}.Release|Any CPU.ActiveCfg = Release|Any CPU
		{CD6DA4B8-A8A0-4ACE-99BD-0677B1282899}.Release|Any CPU.Build.0 = Release|Any CPU
		{0A048B0F-BEEF-4A4D-8353-A66F7401CCED}.Debug|Any CPU.ActiveCfg = Debug|Any CPU
		{0A048B0F-BEEF-4A4D-8353-A66F7401CCED}.Debug|Any CPU.Build.0 = Debug|Any CPU
		{0A048B0F-BEEF-4A4D-8353-A66F7401CCED}.Release|Any CPU.ActiveCfg = Release|Any CPU
		{0A048B0F-BEEF-4A4D-8353-A66F7401CCED}.Release|Any CPU.Build.0 = Release|Any CPU
		{F315E768-0269-4FC0-8587-5CA6B3415D94}.Debug|Any CPU.ActiveCfg = Debug|Any CPU
		{F315E768-0269-4FC0-8587-5CA6B3415D94}.Debug|Any CPU.Build.0 = Debug|Any CPU
		{F315E768-0269-4FC0-8587-5CA6B3415D94}.Release|Any CPU.ActiveCfg = Release|Any CPU
		{F315E768-0269-4FC0-8587-5CA6B3415D94}.Release|Any CPU.Build.0 = Release|Any CPU
		{6E27F9AB-1681-40A9-B5ED-B7666E187A93}.Debug|Any CPU.ActiveCfg = Debug|Any CPU
		{6E27F9AB-1681-40A9-B5ED-B7666E187A93}.Debug|Any CPU.Build.0 = Debug|Any CPU
		{6E27F9AB-1681-40A9-B5ED-B7666E187A93}.Release|Any CPU.ActiveCfg = Release|Any CPU
		{6E27F9AB-1681-40A9-B5ED-B7666E187A93}.Release|Any CPU.Build.0 = Release|Any CPU
		{EB14D333-2D84-4532-8C9D-7F1108EE10E3}.Debug|Any CPU.ActiveCfg = Debug|Any CPU
		{EB14D333-2D84-4532-8C9D-7F1108EE10E3}.Debug|Any CPU.Build.0 = Debug|Any CPU
		{EB14D333-2D84-4532-8C9D-7F1108EE10E3}.Release|Any CPU.ActiveCfg = Release|Any CPU
		{EB14D333-2D84-4532-8C9D-7F1108EE10E3}.Release|Any CPU.Build.0 = Release|Any CPU
		{3ACDA2DB-1A8A-468B-97FD-9DC688C1776A}.Debug|Any CPU.ActiveCfg = Debug|Any CPU
		{3ACDA2DB-1A8A-468B-97FD-9DC688C1776A}.Debug|Any CPU.Build.0 = Debug|Any CPU
		{3ACDA2DB-1A8A-468B-97FD-9DC688C1776A}.Release|Any CPU.ActiveCfg = Release|Any CPU
		{3ACDA2DB-1A8A-468B-97FD-9DC688C1776A}.Release|Any CPU.Build.0 = Release|Any CPU
		{F98F0294-0A54-4763-990B-47CFF64217F4}.Debug|Any CPU.ActiveCfg = Debug|Any CPU
		{F98F0294-0A54-4763-990B-47CFF64217F4}.Debug|Any CPU.Build.0 = Debug|Any CPU
		{F98F0294-0A54-4763-990B-47CFF64217F4}.Release|Any CPU.ActiveCfg = Release|Any CPU
		{F98F0294-0A54-4763-990B-47CFF64217F4}.Release|Any CPU.Build.0 = Release|Any CPU
		{6D1077F6-FFA4-49BA-9A2C-03F5BD27074A}.Debug|Any CPU.ActiveCfg = Debug|Any CPU
		{6D1077F6-FFA4-49BA-9A2C-03F5BD27074A}.Debug|Any CPU.Build.0 = Debug|Any CPU
		{6D1077F6-FFA4-49BA-9A2C-03F5BD27074A}.Release|Any CPU.ActiveCfg = Release|Any CPU
		{6D1077F6-FFA4-49BA-9A2C-03F5BD27074A}.Release|Any CPU.Build.0 = Release|Any CPU
		{38007627-7363-4140-B294-9AAB1642FDE7}.Debug|Any CPU.ActiveCfg = Debug|Any CPU
		{38007627-7363-4140-B294-9AAB1642FDE7}.Debug|Any CPU.Build.0 = Debug|Any CPU
		{38007627-7363-4140-B294-9AAB1642FDE7}.Release|Any CPU.ActiveCfg = Release|Any CPU
		{38007627-7363-4140-B294-9AAB1642FDE7}.Release|Any CPU.Build.0 = Release|Any CPU
		{2660B217-3A30-4212-B65F-15C0B0432D3C}.Debug|Any CPU.ActiveCfg = Debug|Any CPU
		{2660B217-3A30-4212-B65F-15C0B0432D3C}.Debug|Any CPU.Build.0 = Debug|Any CPU
		{2660B217-3A30-4212-B65F-15C0B0432D3C}.Release|Any CPU.ActiveCfg = Release|Any CPU
		{2660B217-3A30-4212-B65F-15C0B0432D3C}.Release|Any CPU.Build.0 = Release|Any CPU
		{B393A010-30E7-414C-B291-44D7543ADB49}.Debug|Any CPU.ActiveCfg = Debug|Any CPU
		{B393A010-30E7-414C-B291-44D7543ADB49}.Debug|Any CPU.Build.0 = Debug|Any CPU
		{B393A010-30E7-414C-B291-44D7543ADB49}.Release|Any CPU.ActiveCfg = Release|Any CPU
		{B393A010-30E7-414C-B291-44D7543ADB49}.Release|Any CPU.Build.0 = Release|Any CPU
		{D3C0B420-356F-4FB3-8302-A90387CA88BF}.Debug|Any CPU.ActiveCfg = Debug|Any CPU
		{D3C0B420-356F-4FB3-8302-A90387CA88BF}.Debug|Any CPU.Build.0 = Debug|Any CPU
		{D3C0B420-356F-4FB3-8302-A90387CA88BF}.Release|Any CPU.ActiveCfg = Release|Any CPU
		{D3C0B420-356F-4FB3-8302-A90387CA88BF}.Release|Any CPU.Build.0 = Release|Any CPU
		{7F92CADD-B243-45F3-A3A0-C613BFC1CB32}.Debug|Any CPU.ActiveCfg = Debug|Any CPU
		{7F92CADD-B243-45F3-A3A0-C613BFC1CB32}.Debug|Any CPU.Build.0 = Debug|Any CPU
		{7F92CADD-B243-45F3-A3A0-C613BFC1CB32}.Release|Any CPU.ActiveCfg = Release|Any CPU
		{7F92CADD-B243-45F3-A3A0-C613BFC1CB32}.Release|Any CPU.Build.0 = Release|Any CPU
		{4396893D-01AC-4D8C-BD10-FF396ABADD3B}.Debug|Any CPU.ActiveCfg = Debug|Any CPU
		{4396893D-01AC-4D8C-BD10-FF396ABADD3B}.Debug|Any CPU.Build.0 = Debug|Any CPU
		{4396893D-01AC-4D8C-BD10-FF396ABADD3B}.Release|Any CPU.ActiveCfg = Release|Any CPU
		{4396893D-01AC-4D8C-BD10-FF396ABADD3B}.Release|Any CPU.Build.0 = Release|Any CPU
		{DBF08E6A-0BCA-4B92-BD0F-F196D64A645B}.Debug|Any CPU.ActiveCfg = Debug|Any CPU
		{DBF08E6A-0BCA-4B92-BD0F-F196D64A645B}.Debug|Any CPU.Build.0 = Debug|Any CPU
		{DBF08E6A-0BCA-4B92-BD0F-F196D64A645B}.Release|Any CPU.ActiveCfg = Release|Any CPU
		{DBF08E6A-0BCA-4B92-BD0F-F196D64A645B}.Release|Any CPU.Build.0 = Release|Any CPU
		{C560285D-4052-424E-81F6-84953AFB3CF2}.Debug|Any CPU.ActiveCfg = Debug|Any CPU
		{C560285D-4052-424E-81F6-84953AFB3CF2}.Debug|Any CPU.Build.0 = Debug|Any CPU
		{C560285D-4052-424E-81F6-84953AFB3CF2}.Release|Any CPU.ActiveCfg = Release|Any CPU
		{C560285D-4052-424E-81F6-84953AFB3CF2}.Release|Any CPU.Build.0 = Release|Any CPU
		{6C8979A2-6684-40A1-9B76-405063DADE7A}.Debug|Any CPU.ActiveCfg = Debug|Any CPU
		{6C8979A2-6684-40A1-9B76-405063DADE7A}.Debug|Any CPU.Build.0 = Debug|Any CPU
		{6C8979A2-6684-40A1-9B76-405063DADE7A}.Release|Any CPU.ActiveCfg = Release|Any CPU
		{6C8979A2-6684-40A1-9B76-405063DADE7A}.Release|Any CPU.Build.0 = Release|Any CPU
		{3084439D-B103-41CD-A0F2-67C5204C8C61}.Debug|Any CPU.ActiveCfg = Debug|Any CPU
		{3084439D-B103-41CD-A0F2-67C5204C8C61}.Debug|Any CPU.Build.0 = Debug|Any CPU
		{3084439D-B103-41CD-A0F2-67C5204C8C61}.Release|Any CPU.ActiveCfg = Release|Any CPU
		{3084439D-B103-41CD-A0F2-67C5204C8C61}.Release|Any CPU.Build.0 = Release|Any CPU
		{3F2D98F8-B8E8-4B7B-815A-F5E2AE2193D0}.Debug|Any CPU.ActiveCfg = Debug|Any CPU
		{3F2D98F8-B8E8-4B7B-815A-F5E2AE2193D0}.Debug|Any CPU.Build.0 = Debug|Any CPU
		{3F2D98F8-B8E8-4B7B-815A-F5E2AE2193D0}.Release|Any CPU.ActiveCfg = Release|Any CPU
		{3F2D98F8-B8E8-4B7B-815A-F5E2AE2193D0}.Release|Any CPU.Build.0 = Release|Any CPU
		{D7096ACA-72DD-41A7-AB34-9D465DBD4333}.Debug|Any CPU.ActiveCfg = Debug|Any CPU
		{D7096ACA-72DD-41A7-AB34-9D465DBD4333}.Debug|Any CPU.Build.0 = Debug|Any CPU
		{D7096ACA-72DD-41A7-AB34-9D465DBD4333}.Release|Any CPU.ActiveCfg = Release|Any CPU
		{D7096ACA-72DD-41A7-AB34-9D465DBD4333}.Release|Any CPU.Build.0 = Release|Any CPU
		{4E73C668-9E0F-49D2-8E03-445F42D401DB}.Debug|Any CPU.ActiveCfg = Debug|Any CPU
		{4E73C668-9E0F-49D2-8E03-445F42D401DB}.Debug|Any CPU.Build.0 = Debug|Any CPU
		{4E73C668-9E0F-49D2-8E03-445F42D401DB}.Release|Any CPU.ActiveCfg = Release|Any CPU
		{4E73C668-9E0F-49D2-8E03-445F42D401DB}.Release|Any CPU.Build.0 = Release|Any CPU
		{32C5898A-896A-4C4D-A043-6D8956DCB18E}.Debug|Any CPU.ActiveCfg = Debug|Any CPU
		{32C5898A-896A-4C4D-A043-6D8956DCB18E}.Debug|Any CPU.Build.0 = Debug|Any CPU
		{32C5898A-896A-4C4D-A043-6D8956DCB18E}.Release|Any CPU.ActiveCfg = Release|Any CPU
		{32C5898A-896A-4C4D-A043-6D8956DCB18E}.Release|Any CPU.Build.0 = Release|Any CPU
		{2BDDF0FB-B445-4951-AE1D-7F6767E9B887}.Debug|Any CPU.ActiveCfg = Debug|Any CPU
		{2BDDF0FB-B445-4951-AE1D-7F6767E9B887}.Debug|Any CPU.Build.0 = Debug|Any CPU
		{2BDDF0FB-B445-4951-AE1D-7F6767E9B887}.Release|Any CPU.ActiveCfg = Release|Any CPU
		{2BDDF0FB-B445-4951-AE1D-7F6767E9B887}.Release|Any CPU.Build.0 = Release|Any CPU
		{62B0ED6D-62A4-4B5A-B49B-0B2BCBA058AE}.Debug|Any CPU.ActiveCfg = Debug|Any CPU
		{62B0ED6D-62A4-4B5A-B49B-0B2BCBA058AE}.Debug|Any CPU.Build.0 = Debug|Any CPU
		{62B0ED6D-62A4-4B5A-B49B-0B2BCBA058AE}.Release|Any CPU.ActiveCfg = Release|Any CPU
		{62B0ED6D-62A4-4B5A-B49B-0B2BCBA058AE}.Release|Any CPU.Build.0 = Release|Any CPU
		{F2EB985E-E1C1-48F5-9592-C2557A5FE8DC}.Debug|Any CPU.ActiveCfg = Debug|Any CPU
		{F2EB985E-E1C1-48F5-9592-C2557A5FE8DC}.Debug|Any CPU.Build.0 = Debug|Any CPU
		{F2EB985E-E1C1-48F5-9592-C2557A5FE8DC}.Release|Any CPU.ActiveCfg = Release|Any CPU
		{F2EB985E-E1C1-48F5-9592-C2557A5FE8DC}.Release|Any CPU.Build.0 = Release|Any CPU
		{43A7940C-1E76-4F64-AC1B-17EC3AB08943}.Debug|Any CPU.ActiveCfg = Debug|Any CPU
		{43A7940C-1E76-4F64-AC1B-17EC3AB08943}.Debug|Any CPU.Build.0 = Debug|Any CPU
		{43A7940C-1E76-4F64-AC1B-17EC3AB08943}.Release|Any CPU.ActiveCfg = Release|Any CPU
		{43A7940C-1E76-4F64-AC1B-17EC3AB08943}.Release|Any CPU.Build.0 = Release|Any CPU
		{86F37119-F0C6-4B78-8FBF-F32E3880049B}.Debug|Any CPU.ActiveCfg = Debug|Any CPU
		{86F37119-F0C6-4B78-8FBF-F32E3880049B}.Debug|Any CPU.Build.0 = Debug|Any CPU
		{86F37119-F0C6-4B78-8FBF-F32E3880049B}.Release|Any CPU.ActiveCfg = Release|Any CPU
		{86F37119-F0C6-4B78-8FBF-F32E3880049B}.Release|Any CPU.Build.0 = Release|Any CPU
		{D37E8D15-826B-42A4-8585-ED39F24C08B5}.Debug|Any CPU.ActiveCfg = Debug|Any CPU
		{D37E8D15-826B-42A4-8585-ED39F24C08B5}.Debug|Any CPU.Build.0 = Debug|Any CPU
		{D37E8D15-826B-42A4-8585-ED39F24C08B5}.Release|Any CPU.ActiveCfg = Release|Any CPU
		{D37E8D15-826B-42A4-8585-ED39F24C08B5}.Release|Any CPU.Build.0 = Release|Any CPU
	EndGlobalSection
	GlobalSection(SolutionProperties) = preSolution
		HideSolutionNode = FALSE
	EndGlobalSection
	GlobalSection(NestedProjects) = preSolution
		{9FFC5940-3B43-4CED-9A4E-E573EEDF77AC} = {A605A1E7-7065-4ED1-87D8-3C6159F33A0A}
		{8F29692A-21C3-4EA8-9941-2B72819C2454} = {9FFC5940-3B43-4CED-9A4E-E573EEDF77AC}
		{4B421BDB-64C0-46E6-A065-B656BBBF66ED} = {9FFC5940-3B43-4CED-9A4E-E573EEDF77AC}
		{91B0F9FC-B92D-4D83-9144-E81B4DACA12F} = {A605A1E7-7065-4ED1-87D8-3C6159F33A0A}
		{5D13B508-137C-416D-825D-F4156F1502CB} = {9FFC5940-3B43-4CED-9A4E-E573EEDF77AC}
		{CF383077-EC0F-402C-82E8-F3811ABCBFDF} = {A605A1E7-7065-4ED1-87D8-3C6159F33A0A}
		{86EF4243-8453-403C-8BAD-258B1D720347} = {CF383077-EC0F-402C-82E8-F3811ABCBFDF}
		{28C54AC5-B86C-4B25-9F1F-AE92F165A65B} = {CF383077-EC0F-402C-82E8-F3811ABCBFDF}
		{CD6DA4B8-A8A0-4ACE-99BD-0677B1282899} = {CF383077-EC0F-402C-82E8-F3811ABCBFDF}
		{0A048B0F-BEEF-4A4D-8353-A66F7401CCED} = {91B0F9FC-B92D-4D83-9144-E81B4DACA12F}
		{F315E768-0269-4FC0-8587-5CA6B3415D94} = {91B0F9FC-B92D-4D83-9144-E81B4DACA12F}
		{6E27F9AB-1681-40A9-B5ED-B7666E187A93} = {91B0F9FC-B92D-4D83-9144-E81B4DACA12F}
		{6D1077F6-FFA4-49BA-9A2C-03F5BD27074A} = {A605A1E7-7065-4ED1-87D8-3C6159F33A0A}
		{94C61A6A-26CF-4C4A-9A09-E304CB3B0265} = {A605A1E7-7065-4ED1-87D8-3C6159F33A0A}
		{D3C0B420-356F-4FB3-8302-A90387CA88BF} = {94C61A6A-26CF-4C4A-9A09-E304CB3B0265}
		{7F92CADD-B243-45F3-A3A0-C613BFC1CB32} = {94C61A6A-26CF-4C4A-9A09-E304CB3B0265}
		{CBAFF8A9-47A8-4422-AFDA-CC04CD3A6BAB} = {A605A1E7-7065-4ED1-87D8-3C6159F33A0A}
		{DBF08E6A-0BCA-4B92-BD0F-F196D64A645B} = {CBAFF8A9-47A8-4422-AFDA-CC04CD3A6BAB}
		{C560285D-4052-424E-81F6-84953AFB3CF2} = {CBAFF8A9-47A8-4422-AFDA-CC04CD3A6BAB}
		{AD83FF43-B38A-4D1C-BA19-CE27722CB639} = {A605A1E7-7065-4ED1-87D8-3C6159F33A0A}
		{6C8979A2-6684-40A1-9B76-405063DADE7A} = {AD83FF43-B38A-4D1C-BA19-CE27722CB639}
		{3084439D-B103-41CD-A0F2-67C5204C8C61} = {AD83FF43-B38A-4D1C-BA19-CE27722CB639}
		{3F2D98F8-B8E8-4B7B-815A-F5E2AE2193D0} = {AD83FF43-B38A-4D1C-BA19-CE27722CB639}
		{4E73C668-9E0F-49D2-8E03-445F42D401DB} = {94C61A6A-26CF-4C4A-9A09-E304CB3B0265}
		{0BE29993-D472-4F6A-80FD-F5121827E4F4} = {A605A1E7-7065-4ED1-87D8-3C6159F33A0A}
		{32C5898A-896A-4C4D-A043-6D8956DCB18E} = {0BE29993-D472-4F6A-80FD-F5121827E4F4}
		{2BDDF0FB-B445-4951-AE1D-7F6767E9B887} = {0BE29993-D472-4F6A-80FD-F5121827E4F4}
		{62B0ED6D-62A4-4B5A-B49B-0B2BCBA058AE} = {0BE29993-D472-4F6A-80FD-F5121827E4F4}
		{F2EB985E-E1C1-48F5-9592-C2557A5FE8DC} = {0BE29993-D472-4F6A-80FD-F5121827E4F4}
		{28A038A0-7618-4451-BDA2-7FCEEF13B3F5} = {A605A1E7-7065-4ED1-87D8-3C6159F33A0A}
		{43A7940C-1E76-4F64-AC1B-17EC3AB08943} = {28A038A0-7618-4451-BDA2-7FCEEF13B3F5}
		{86F37119-F0C6-4B78-8FBF-F32E3880049B} = {28A038A0-7618-4451-BDA2-7FCEEF13B3F5}
		{D37E8D15-826B-42A4-8585-ED39F24C08B5} = {28A038A0-7618-4451-BDA2-7FCEEF13B3F5}
	EndGlobalSection
	GlobalSection(ExtensibilityGlobals) = postSolution
		SolutionGuid = {9C903E86-5147-4487-B701-7548555524C0}
	EndGlobalSection
EndGlobal
