
Microsoft Visual Studio Solution File, Format Version 12.00
# Visual Studio Version 16
VisualStudioVersion = 16.0.28711.60
MinimumVisualStudioVersion = 10.0.40219.1
Project("{2150E333-8FDC-42A3-9474-1A3956D46DE8}") = "Samples", "Samples", "{A605A1E7-7065-4ED1-87D8-3C6159F33A0A}"
EndProject
Project("{2150E333-8FDC-42A3-9474-1A3956D46DE8}") = "Base", "Base", "{9FFC5940-3B43-4CED-9A4E-E573EEDF77AC}"
EndProject
Project("{9A19103F-16F7-4668-BE54-9A1E7A4F7556}") = "DataContract", "samples\Base\DataContract\DataContract.csproj", "{8F29692A-21C3-4EA8-9941-2B72819C2454}"
EndProject
Project("{9A19103F-16F7-4668-BE54-9A1E7A4F7556}") = "Service", "samples\Base\Service\Service.csproj", "{4B421BDB-64C0-46E6-A065-B656BBBF66ED}"
EndProject
Project("{2150E333-8FDC-42A3-9474-1A3956D46DE8}") = "LoadBalance", "LoadBalance", "{91B0F9FC-B92D-4D83-9144-E81B4DACA12F}"
EndProject
Project("{9A19103F-16F7-4668-BE54-9A1E7A4F7556}") = "Client", "samples\Base\Client\Client.csproj", "{5D13B508-137C-416D-825D-F4156F1502CB}"
EndProject
Project("{2150E333-8FDC-42A3-9474-1A3956D46DE8}") = "HelloWorld", "HelloWorld", "{CF383077-EC0F-402C-82E8-F3811ABCBFDF}"
EndProject
Project("{9A19103F-16F7-4668-BE54-9A1E7A4F7556}") = "Client", "samples\HelloWorld\Client\Client.csproj", "{86EF4243-8453-403C-8BAD-258B1D720347}"
EndProject
Project("{9A19103F-16F7-4668-BE54-9A1E7A4F7556}") = "DataContract", "samples\HelloWorld\DataContract\DataContract.csproj", "{28C54AC5-B86C-4B25-9F1F-AE92F165A65B}"
EndProject
Project("{9A19103F-16F7-4668-BE54-9A1E7A4F7556}") = "Service", "samples\HelloWorld\Service\Service.csproj", "{CD6DA4B8-A8A0-4ACE-99BD-0677B1282899}"
EndProject
Project("{9A19103F-16F7-4668-BE54-9A1E7A4F7556}") = "Client", "samples\LoadBalance\Client\Client.csproj", "{0A048B0F-BEEF-4A4D-8353-A66F7401CCED}"
EndProject
Project("{9A19103F-16F7-4668-BE54-9A1E7A4F7556}") = "DataContract", "samples\LoadBalance\DataContract\DataContract.csproj", "{F315E768-0269-4FC0-8587-5CA6B3415D94}"
EndProject
Project("{9A19103F-16F7-4668-BE54-9A1E7A4F7556}") = "Service", "samples\LoadBalance\Service\Service.csproj", "{6E27F9AB-1681-40A9-B5ED-B7666E187A93}"
EndProject
Project("{9A19103F-16F7-4668-BE54-9A1E7A4F7556}") = "NetRpc", "src\NetRpc\NetRpc.csproj", "{EB14D333-2D84-4532-8C9D-7F1108EE10E3}"
EndProject
Project("{9A19103F-16F7-4668-BE54-9A1E7A4F7556}") = "NetRpc.Grpc", "src\NetRpc.Grpc\NetRpc.Grpc.csproj", "{3ACDA2DB-1A8A-468B-97FD-9DC688C1776A}"
EndProject
Project("{9A19103F-16F7-4668-BE54-9A1E7A4F7556}") = "Proxy.Grpc", "src\Proxy.Grpc\Proxy.Grpc.csproj", "{F98F0294-0A54-4763-990B-47CFF64217F4}"
EndProject
Project("{9A19103F-16F7-4668-BE54-9A1E7A4F7556}") = "TestHelper", "samples\TestHelper\TestHelper.csproj", "{6D1077F6-FFA4-49BA-9A2C-03F5BD27074A}"
EndProject
Project("{9A19103F-16F7-4668-BE54-9A1E7A4F7556}") = "Proxy.RabbitMQ", "src\Proxy.RabbitMQ\Proxy.RabbitMQ.csproj", "{38007627-7363-4140-B294-9AAB1642FDE7}"
EndProject
Project("{9A19103F-16F7-4668-BE54-9A1E7A4F7556}") = "NetRpc.RabbitMQ", "src\NetRpc.RabbitMQ\NetRpc.RabbitMQ.csproj", "{2660B217-3A30-4212-B65F-15C0B0432D3C}"
EndProject
Project("{2150E333-8FDC-42A3-9474-1A3956D46DE8}") = "RabbitMQ", "RabbitMQ", "{FB3B0185-87D0-45B1-9C57-D74D006CBD37}"
EndProject
Project("{2150E333-8FDC-42A3-9474-1A3956D46DE8}") = "Grpc", "Grpc", "{A518109A-A728-4379-AA1B-33C3D18029E4}"
EndProject
Project("{2150E333-8FDC-42A3-9474-1A3956D46DE8}") = "Solution Items", "Solution Items", "{59EDEAE2-8FD5-4757-865A-B1411B8AE1EB}"
	ProjectSection(SolutionItems) = preProject
		README.md = README.md
		test.md = test.md
	EndProjectSection
EndProject
Project("{2150E333-8FDC-42A3-9474-1A3956D46DE8}") = "Lib", "Lib", "{11EE2846-0734-4240-A3D0-36B84B5FC34E}"
EndProject
Project("{2150E333-8FDC-42A3-9474-1A3956D46DE8}") = "Http", "Http", "{1409B41E-BE51-4E8E-BC8A-0D38AFD3D3F7}"
EndProject
Project("{9A19103F-16F7-4668-BE54-9A1E7A4F7556}") = "NetRpc.Http", "src\NetRpc.Http\NetRpc.Http.csproj", "{B393A010-30E7-414C-B291-44D7543ADB49}"
EndProject
Project("{2150E333-8FDC-42A3-9474-1A3956D46DE8}") = "Http", "Http", "{94C61A6A-26CF-4C4A-9A09-E304CB3B0265}"
EndProject
Project("{9A19103F-16F7-4668-BE54-9A1E7A4F7556}") = "Service", "samples\Http\Service\Service.csproj", "{D3C0B420-356F-4FB3-8302-A90387CA88BF}"
EndProject
Project("{9A19103F-16F7-4668-BE54-9A1E7A4F7556}") = "DataContract", "samples\Http\DataContract\DataContract.csproj", "{7F92CADD-B243-45F3-A3A0-C613BFC1CB32}"
EndProject
Project("{9A19103F-16F7-4668-BE54-9A1E7A4F7556}") = "NSwag.Core", "src\NSwag.Core\NSwag.Core.csproj", "{A5CF4037-2A3A-4ADF-BD9B-C8C500020C8B}"
EndProject
Global
	GlobalSection(SolutionConfigurationPlatforms) = preSolution
		Debug|Any CPU = Debug|Any CPU
		Release|Any CPU = Release|Any CPU
	EndGlobalSection
	GlobalSection(ProjectConfigurationPlatforms) = postSolution
		{8F29692A-21C3-4EA8-9941-2B72819C2454}.Debug|Any CPU.ActiveCfg = Debug|Any CPU
		{8F29692A-21C3-4EA8-9941-2B72819C2454}.Debug|Any CPU.Build.0 = Debug|Any CPU
		{8F29692A-21C3-4EA8-9941-2B72819C2454}.Release|Any CPU.ActiveCfg = Release|Any CPU
		{8F29692A-21C3-4EA8-9941-2B72819C2454}.Release|Any CPU.Build.0 = Release|Any CPU
		{4B421BDB-64C0-46E6-A065-B656BBBF66ED}.Debug|Any CPU.ActiveCfg = Debug|Any CPU
		{4B421BDB-64C0-46E6-A065-B656BBBF66ED}.Debug|Any CPU.Build.0 = Debug|Any CPU
		{4B421BDB-64C0-46E6-A065-B656BBBF66ED}.Release|Any CPU.ActiveCfg = Release|Any CPU
		{4B421BDB-64C0-46E6-A065-B656BBBF66ED}.Release|Any CPU.Build.0 = Release|Any CPU
		{5D13B508-137C-416D-825D-F4156F1502CB}.Debug|Any CPU.ActiveCfg = Debug|Any CPU
		{5D13B508-137C-416D-825D-F4156F1502CB}.Debug|Any CPU.Build.0 = Debug|Any CPU
		{5D13B508-137C-416D-825D-F4156F1502CB}.Release|Any CPU.ActiveCfg = Release|Any CPU
		{5D13B508-137C-416D-825D-F4156F1502CB}.Release|Any CPU.Build.0 = Release|Any CPU
		{86EF4243-8453-403C-8BAD-258B1D720347}.Debug|Any CPU.ActiveCfg = Debug|Any CPU
		{86EF4243-8453-403C-8BAD-258B1D720347}.Debug|Any CPU.Build.0 = Debug|Any CPU
		{86EF4243-8453-403C-8BAD-258B1D720347}.Release|Any CPU.ActiveCfg = Release|Any CPU
		{86EF4243-8453-403C-8BAD-258B1D720347}.Release|Any CPU.Build.0 = Release|Any CPU
		{28C54AC5-B86C-4B25-9F1F-AE92F165A65B}.Debug|Any CPU.ActiveCfg = Debug|Any CPU
		{28C54AC5-B86C-4B25-9F1F-AE92F165A65B}.Debug|Any CPU.Build.0 = Debug|Any CPU
		{28C54AC5-B86C-4B25-9F1F-AE92F165A65B}.Release|Any CPU.ActiveCfg = Release|Any CPU
		{28C54AC5-B86C-4B25-9F1F-AE92F165A65B}.Release|Any CPU.Build.0 = Release|Any CPU
		{CD6DA4B8-A8A0-4ACE-99BD-0677B1282899}.Debug|Any CPU.ActiveCfg = Debug|Any CPU
		{CD6DA4B8-A8A0-4ACE-99BD-0677B1282899}.Debug|Any CPU.Build.0 = Debug|Any CPU
		{CD6DA4B8-A8A0-4ACE-99BD-0677B1282899}.Release|Any CPU.ActiveCfg = Release|Any CPU
		{CD6DA4B8-A8A0-4ACE-99BD-0677B1282899}.Release|Any CPU.Build.0 = Release|Any CPU
		{0A048B0F-BEEF-4A4D-8353-A66F7401CCED}.Debug|Any CPU.ActiveCfg = Debug|Any CPU
		{0A048B0F-BEEF-4A4D-8353-A66F7401CCED}.Debug|Any CPU.Build.0 = Debug|Any CPU
		{0A048B0F-BEEF-4A4D-8353-A66F7401CCED}.Release|Any CPU.ActiveCfg = Release|Any CPU
		{0A048B0F-BEEF-4A4D-8353-A66F7401CCED}.Release|Any CPU.Build.0 = Release|Any CPU
		{F315E768-0269-4FC0-8587-5CA6B3415D94}.Debug|Any CPU.ActiveCfg = Debug|Any CPU
		{F315E768-0269-4FC0-8587-5CA6B3415D94}.Debug|Any CPU.Build.0 = Debug|Any CPU
		{F315E768-0269-4FC0-8587-5CA6B3415D94}.Release|Any CPU.ActiveCfg = Release|Any CPU
		{F315E768-0269-4FC0-8587-5CA6B3415D94}.Release|Any CPU.Build.0 = Release|Any CPU
		{6E27F9AB-1681-40A9-B5ED-B7666E187A93}.Debug|Any CPU.ActiveCfg = Debug|Any CPU
		{6E27F9AB-1681-40A9-B5ED-B7666E187A93}.Debug|Any CPU.Build.0 = Debug|Any CPU
		{6E27F9AB-1681-40A9-B5ED-B7666E187A93}.Release|Any CPU.ActiveCfg = Release|Any CPU
		{6E27F9AB-1681-40A9-B5ED-B7666E187A93}.Release|Any CPU.Build.0 = Release|Any CPU
		{EB14D333-2D84-4532-8C9D-7F1108EE10E3}.Debug|Any CPU.ActiveCfg = Debug|Any CPU
		{EB14D333-2D84-4532-8C9D-7F1108EE10E3}.Debug|Any CPU.Build.0 = Debug|Any CPU
		{EB14D333-2D84-4532-8C9D-7F1108EE10E3}.Release|Any CPU.ActiveCfg = Release|Any CPU
		{EB14D333-2D84-4532-8C9D-7F1108EE10E3}.Release|Any CPU.Build.0 = Release|Any CPU
		{3ACDA2DB-1A8A-468B-97FD-9DC688C1776A}.Debug|Any CPU.ActiveCfg = Debug|Any CPU
		{3ACDA2DB-1A8A-468B-97FD-9DC688C1776A}.Debug|Any CPU.Build.0 = Debug|Any CPU
		{3ACDA2DB-1A8A-468B-97FD-9DC688C1776A}.Release|Any CPU.ActiveCfg = Release|Any CPU
		{3ACDA2DB-1A8A-468B-97FD-9DC688C1776A}.Release|Any CPU.Build.0 = Release|Any CPU
		{F98F0294-0A54-4763-990B-47CFF64217F4}.Debug|Any CPU.ActiveCfg = Debug|Any CPU
		{F98F0294-0A54-4763-990B-47CFF64217F4}.Debug|Any CPU.Build.0 = Debug|Any CPU
		{F98F0294-0A54-4763-990B-47CFF64217F4}.Release|Any CPU.ActiveCfg = Release|Any CPU
		{F98F0294-0A54-4763-990B-47CFF64217F4}.Release|Any CPU.Build.0 = Release|Any CPU
		{6D1077F6-FFA4-49BA-9A2C-03F5BD27074A}.Debug|Any CPU.ActiveCfg = Debug|Any CPU
		{6D1077F6-FFA4-49BA-9A2C-03F5BD27074A}.Debug|Any CPU.Build.0 = Debug|Any CPU
		{6D1077F6-FFA4-49BA-9A2C-03F5BD27074A}.Release|Any CPU.ActiveCfg = Release|Any CPU
		{6D1077F6-FFA4-49BA-9A2C-03F5BD27074A}.Release|Any CPU.Build.0 = Release|Any CPU
		{38007627-7363-4140-B294-9AAB1642FDE7}.Debug|Any CPU.ActiveCfg = Debug|Any CPU
		{38007627-7363-4140-B294-9AAB1642FDE7}.Debug|Any CPU.Build.0 = Debug|Any CPU
		{38007627-7363-4140-B294-9AAB1642FDE7}.Release|Any CPU.ActiveCfg = Release|Any CPU
		{38007627-7363-4140-B294-9AAB1642FDE7}.Release|Any CPU.Build.0 = Release|Any CPU
		{2660B217-3A30-4212-B65F-15C0B0432D3C}.Debug|Any CPU.ActiveCfg = Debug|Any CPU
		{2660B217-3A30-4212-B65F-15C0B0432D3C}.Debug|Any CPU.Build.0 = Debug|Any CPU
		{2660B217-3A30-4212-B65F-15C0B0432D3C}.Release|Any CPU.ActiveCfg = Release|Any CPU
		{2660B217-3A30-4212-B65F-15C0B0432D3C}.Release|Any CPU.Build.0 = Release|Any CPU
		{B393A010-30E7-414C-B291-44D7543ADB49}.Debug|Any CPU.ActiveCfg = Debug|Any CPU
		{B393A010-30E7-414C-B291-44D7543ADB49}.Debug|Any CPU.Build.0 = Debug|Any CPU
		{B393A010-30E7-414C-B291-44D7543ADB49}.Release|Any CPU.ActiveCfg = Release|Any CPU
		{B393A010-30E7-414C-B291-44D7543ADB49}.Release|Any CPU.Build.0 = Release|Any CPU
		{D3C0B420-356F-4FB3-8302-A90387CA88BF}.Debug|Any CPU.ActiveCfg = Debug|Any CPU
		{D3C0B420-356F-4FB3-8302-A90387CA88BF}.Debug|Any CPU.Build.0 = Debug|Any CPU
		{D3C0B420-356F-4FB3-8302-A90387CA88BF}.Release|Any CPU.ActiveCfg = Release|Any CPU
		{D3C0B420-356F-4FB3-8302-A90387CA88BF}.Release|Any CPU.Build.0 = Release|Any CPU
		{7F92CADD-B243-45F3-A3A0-C613BFC1CB32}.Debug|Any CPU.ActiveCfg = Debug|Any CPU
		{7F92CADD-B243-45F3-A3A0-C613BFC1CB32}.Debug|Any CPU.Build.0 = Debug|Any CPU
		{7F92CADD-B243-45F3-A3A0-C613BFC1CB32}.Release|Any CPU.ActiveCfg = Release|Any CPU
		{7F92CADD-B243-45F3-A3A0-C613BFC1CB32}.Release|Any CPU.Build.0 = Release|Any CPU
		{A5CF4037-2A3A-4ADF-BD9B-C8C500020C8B}.Debug|Any CPU.ActiveCfg = Debug|Any CPU
		{A5CF4037-2A3A-4ADF-BD9B-C8C500020C8B}.Debug|Any CPU.Build.0 = Debug|Any CPU
		{A5CF4037-2A3A-4ADF-BD9B-C8C500020C8B}.Release|Any CPU.ActiveCfg = Release|Any CPU
		{A5CF4037-2A3A-4ADF-BD9B-C8C500020C8B}.Release|Any CPU.Build.0 = Release|Any CPU
	EndGlobalSection
	GlobalSection(SolutionProperties) = preSolution
		HideSolutionNode = FALSE
	EndGlobalSection
	GlobalSection(NestedProjects) = preSolution
		{9FFC5940-3B43-4CED-9A4E-E573EEDF77AC} = {A605A1E7-7065-4ED1-87D8-3C6159F33A0A}
		{8F29692A-21C3-4EA8-9941-2B72819C2454} = {9FFC5940-3B43-4CED-9A4E-E573EEDF77AC}
		{4B421BDB-64C0-46E6-A065-B656BBBF66ED} = {9FFC5940-3B43-4CED-9A4E-E573EEDF77AC}
		{91B0F9FC-B92D-4D83-9144-E81B4DACA12F} = {A605A1E7-7065-4ED1-87D8-3C6159F33A0A}
		{5D13B508-137C-416D-825D-F4156F1502CB} = {9FFC5940-3B43-4CED-9A4E-E573EEDF77AC}
		{CF383077-EC0F-402C-82E8-F3811ABCBFDF} = {A605A1E7-7065-4ED1-87D8-3C6159F33A0A}
		{86EF4243-8453-403C-8BAD-258B1D720347} = {CF383077-EC0F-402C-82E8-F3811ABCBFDF}
		{28C54AC5-B86C-4B25-9F1F-AE92F165A65B} = {CF383077-EC0F-402C-82E8-F3811ABCBFDF}
		{CD6DA4B8-A8A0-4ACE-99BD-0677B1282899} = {CF383077-EC0F-402C-82E8-F3811ABCBFDF}
		{0A048B0F-BEEF-4A4D-8353-A66F7401CCED} = {91B0F9FC-B92D-4D83-9144-E81B4DACA12F}
		{F315E768-0269-4FC0-8587-5CA6B3415D94} = {91B0F9FC-B92D-4D83-9144-E81B4DACA12F}
		{6E27F9AB-1681-40A9-B5ED-B7666E187A93} = {91B0F9FC-B92D-4D83-9144-E81B4DACA12F}
		{EB14D333-2D84-4532-8C9D-7F1108EE10E3} = {11EE2846-0734-4240-A3D0-36B84B5FC34E}
		{3ACDA2DB-1A8A-468B-97FD-9DC688C1776A} = {A518109A-A728-4379-AA1B-33C3D18029E4}
		{F98F0294-0A54-4763-990B-47CFF64217F4} = {A518109A-A728-4379-AA1B-33C3D18029E4}
		{6D1077F6-FFA4-49BA-9A2C-03F5BD27074A} = {A605A1E7-7065-4ED1-87D8-3C6159F33A0A}
		{38007627-7363-4140-B294-9AAB1642FDE7} = {FB3B0185-87D0-45B1-9C57-D74D006CBD37}
		{2660B217-3A30-4212-B65F-15C0B0432D3C} = {FB3B0185-87D0-45B1-9C57-D74D006CBD37}
		{FB3B0185-87D0-45B1-9C57-D74D006CBD37} = {11EE2846-0734-4240-A3D0-36B84B5FC34E}
		{A518109A-A728-4379-AA1B-33C3D18029E4} = {11EE2846-0734-4240-A3D0-36B84B5FC34E}
		{1409B41E-BE51-4E8E-BC8A-0D38AFD3D3F7} = {11EE2846-0734-4240-A3D0-36B84B5FC34E}
		{B393A010-30E7-414C-B291-44D7543ADB49} = {1409B41E-BE51-4E8E-BC8A-0D38AFD3D3F7}
		{94C61A6A-26CF-4C4A-9A09-E304CB3B0265} = {A605A1E7-7065-4ED1-87D8-3C6159F33A0A}
		{D3C0B420-356F-4FB3-8302-A90387CA88BF} = {94C61A6A-26CF-4C4A-9A09-E304CB3B0265}
		{7F92CADD-B243-45F3-A3A0-C613BFC1CB32} = {94C61A6A-26CF-4C4A-9A09-E304CB3B0265}
		{A5CF4037-2A3A-4ADF-BD9B-C8C500020C8B} = {1409B41E-BE51-4E8E-BC8A-0D38AFD3D3F7}
	EndGlobalSection
	GlobalSection(ExtensibilityGlobals) = postSolution
		SolutionGuid = {9C903E86-5147-4487-B701-7548555524C0}
	EndGlobalSection
EndGlobal
